// !$*UTF8*$!
{
	archiveVersion = 1;
	classes = {
	};
	objectVersion = 56;
	objects = {

/* Begin PBXBuildFile section */
		B4483B452C7A6EC400C56F43 /* Subject.swift in Sources */ = {isa = PBXBuildFile; fileRef = B4483B442C7A6EC400C56F43 /* Subject.swift */; };
		B4483B482C7A6F3400C56F43 /* Course.swift in Sources */ = {isa = PBXBuildFile; fileRef = B4483B472C7A6F3400C56F43 /* Course.swift */; };
		B4483B4A2C7A6F3900C56F43 /* Teacher.swift in Sources */ = {isa = PBXBuildFile; fileRef = B4483B492C7A6F3900C56F43 /* Teacher.swift */; };
		B4483B4C2C7A6F4000C56F43 /* TeacherAssistance.swift in Sources */ = {isa = PBXBuildFile; fileRef = B4483B4B2C7A6F4000C56F43 /* TeacherAssistance.swift */; };
		B4483B4E2C7A6F4800C56F43 /* Student.swift in Sources */ = {isa = PBXBuildFile; fileRef = B4483B4D2C7A6F4800C56F43 /* Student.swift */; };
		B4483B502C7A6F5100C56F43 /* AccountType.swift in Sources */ = {isa = PBXBuildFile; fileRef = B4483B4F2C7A6F5100C56F43 /* AccountType.swift */; };
		B4483B532C7A70A300C56F43 /* Gradeable.swift in Sources */ = {isa = PBXBuildFile; fileRef = B4483B522C7A70A300C56F43 /* Gradeable.swift */; };
		B4483B552C7A714400C56F43 /* Grade.swift in Sources */ = {isa = PBXBuildFile; fileRef = B4483B542C7A714400C56F43 /* Grade.swift */; };
		B4483B592C7A725800C56F43 /* Session.swift in Sources */ = {isa = PBXBuildFile; fileRef = B4483B582C7A725800C56F43 /* Session.swift */; };
		B4483B5B2C7A72A700C56F43 /* GradeCalculator.swift in Sources */ = {isa = PBXBuildFile; fileRef = B4483B5A2C7A72A700C56F43 /* GradeCalculator.swift */; };
		B4483B5D2C7A730E00C56F43 /* Int+Extension.swift in Sources */ = {isa = PBXBuildFile; fileRef = B4483B5C2C7A730E00C56F43 /* Int+Extension.swift */; };
		B4483B5F2C7F6EB400C56F43 /* MainView.swift in Sources */ = {isa = PBXBuildFile; fileRef = B4483B5E2C7F6EB400C56F43 /* MainView.swift */; };
		B4483B652C7F721F00C56F43 /* User.swift in Sources */ = {isa = PBXBuildFile; fileRef = B4483B642C7F721F00C56F43 /* User.swift */; };
		B4483B672C7F741900C56F43 /* MoreView.swift in Sources */ = {isa = PBXBuildFile; fileRef = B4483B662C7F741900C56F43 /* MoreView.swift */; };
		B4483B692C7F742500C56F43 /* MoreViewModel.swift in Sources */ = {isa = PBXBuildFile; fileRef = B4483B682C7F742500C56F43 /* MoreViewModel.swift */; };
		B4483B6C2C7F752400C56F43 /* FetchUserUseCase.swift in Sources */ = {isa = PBXBuildFile; fileRef = B4483B6B2C7F752400C56F43 /* FetchUserUseCase.swift */; };
		B4483B712C7F79C900C56F43 /* MoreViewContent.swift in Sources */ = {isa = PBXBuildFile; fileRef = B4483B702C7F79C900C56F43 /* MoreViewContent.swift */; };
		B4483B732C7F820E00C56F43 /* UserMenu.swift in Sources */ = {isa = PBXBuildFile; fileRef = B4483B722C7F820E00C56F43 /* UserMenu.swift */; };
		B4483B792C7F8B9500C56F43 /* NotificationViewModel.swift in Sources */ = {isa = PBXBuildFile; fileRef = B4483B782C7F8B9500C56F43 /* NotificationViewModel.swift */; };
		B4483B7B2C7F8B9F00C56F43 /* CalendarViewModel.swift in Sources */ = {isa = PBXBuildFile; fileRef = B4483B7A2C7F8B9F00C56F43 /* CalendarViewModel.swift */; };
		B4483B7D2C7F8BCC00C56F43 /* GetNotificationUseCase.swift in Sources */ = {isa = PBXBuildFile; fileRef = B4483B7C2C7F8BCC00C56F43 /* GetNotificationUseCase.swift */; };
		B4483B7F2C7F8BDA00C56F43 /* UseCase.swift in Sources */ = {isa = PBXBuildFile; fileRef = B4483B7E2C7F8BDA00C56F43 /* UseCase.swift */; };
		B4483B812C7F8CD300C56F43 /* Notification.swift in Sources */ = {isa = PBXBuildFile; fileRef = B4483B802C7F8CD300C56F43 /* Notification.swift */; };
		B4483B852C7F8D1D00C56F43 /* GetNotificationUseCaseImpl.swift in Sources */ = {isa = PBXBuildFile; fileRef = B4483B842C7F8D1D00C56F43 /* GetNotificationUseCaseImpl.swift */; };
		B4483B882C7FB38900C56F43 /* FetchUserUseCaseImpl.swift in Sources */ = {isa = PBXBuildFile; fileRef = B4483B872C7FB38900C56F43 /* FetchUserUseCaseImpl.swift */; };
		B4483B8B2C7FB45D00C56F43 /* DependencyContainer.swift in Sources */ = {isa = PBXBuildFile; fileRef = B4483B8A2C7FB45D00C56F43 /* DependencyContainer.swift */; };
		B4483B8D2C8050AD00C56F43 /* DIFactory.swift in Sources */ = {isa = PBXBuildFile; fileRef = B4483B8C2C8050AD00C56F43 /* DIFactory.swift */; };
		B4483B902C80534800C56F43 /* MoreDependencyFactory.swift in Sources */ = {isa = PBXBuildFile; fileRef = B4483B8F2C80534800C56F43 /* MoreDependencyFactory.swift */; };
		B4483B922C80540F00C56F43 /* MoreDependencyFactoryImpl.swift in Sources */ = {isa = PBXBuildFile; fileRef = B4483B912C80540F00C56F43 /* MoreDependencyFactoryImpl.swift */; };
		B4483B962C80548C00C56F43 /* FetchUserUseCasePreview.swift in Sources */ = {isa = PBXBuildFile; fileRef = B4483B952C80548B00C56F43 /* FetchUserUseCasePreview.swift */; };
		B4483B9A2C8057C600C56F43 /* LogOutUseCase.swift in Sources */ = {isa = PBXBuildFile; fileRef = B4483B992C8057C600C56F43 /* LogOutUseCase.swift */; };
		B4483B9C2C8057D200C56F43 /* LogOutUseCaseImpl.swift in Sources */ = {isa = PBXBuildFile; fileRef = B4483B9B2C8057D200C56F43 /* LogOutUseCaseImpl.swift */; };
		B4483B9E2C8057DD00C56F43 /* LogOutUseCasePreview.swift in Sources */ = {isa = PBXBuildFile; fileRef = B4483B9D2C8057DD00C56F43 /* LogOutUseCasePreview.swift */; };
		B4483BA02C80595B00C56F43 /* MainDependencyFactory.swift in Sources */ = {isa = PBXBuildFile; fileRef = B4483B9F2C80595B00C56F43 /* MainDependencyFactory.swift */; };
		B4483BAC2C8083CB00C56F43 /* CalendarView.swift in Sources */ = {isa = PBXBuildFile; fileRef = B4483BAB2C8083CB00C56F43 /* CalendarView.swift */; };
		B4483BAF2C80848B00C56F43 /* CalendarDependencyFactory.swift in Sources */ = {isa = PBXBuildFile; fileRef = B4483BAE2C80848B00C56F43 /* CalendarDependencyFactory.swift */; };
		B4483BB22C80860900C56F43 /* GetScheduleUseCase.swift in Sources */ = {isa = PBXBuildFile; fileRef = B4483BB12C80860900C56F43 /* GetScheduleUseCase.swift */; };
		B4483BB42C80890F00C56F43 /* ScheduleEvent.swift in Sources */ = {isa = PBXBuildFile; fileRef = B4483BB32C80890F00C56F43 /* ScheduleEvent.swift */; };
		B4483BB62C808B4800C56F43 /* GetScheduleUseCaseImpl.swift in Sources */ = {isa = PBXBuildFile; fileRef = B4483BB52C808B4800C56F43 /* GetScheduleUseCaseImpl.swift */; };
		B4483BB82C808C2000C56F43 /* GetScheduleUseCasePreview.swift in Sources */ = {isa = PBXBuildFile; fileRef = B4483BB72C808C2000C56F43 /* GetScheduleUseCasePreview.swift */; };
		B4483BBA2C80B22100C56F43 /* Class.swift in Sources */ = {isa = PBXBuildFile; fileRef = B4483BB92C80B22100C56F43 /* Class.swift */; };
		B4483BBC2C80BDC600C56F43 /* CourseSchedule.swift in Sources */ = {isa = PBXBuildFile; fileRef = B4483BBB2C80BDC600C56F43 /* CourseSchedule.swift */; };
		B4483BBE2C80C1E400C56F43 /* GetCourseUseCase.swift in Sources */ = {isa = PBXBuildFile; fileRef = B4483BBD2C80C1E400C56F43 /* GetCourseUseCase.swift */; };
		B4483BC02C80C1EF00C56F43 /* GetCourseUseCaseImpl.swift in Sources */ = {isa = PBXBuildFile; fileRef = B4483BBF2C80C1EF00C56F43 /* GetCourseUseCaseImpl.swift */; };
		B4483BC22C80C7F100C56F43 /* GetDashboardContentUseCase.swift in Sources */ = {isa = PBXBuildFile; fileRef = B4483BC12C80C7F100C56F43 /* GetDashboardContentUseCase.swift */; };
		B4483BC42C80D1CD00C56F43 /* CalendarDependencyFactoryImpl.swift in Sources */ = {isa = PBXBuildFile; fileRef = B4483BC32C80D1CD00C56F43 /* CalendarDependencyFactoryImpl.swift */; };
		B4483BCE2C80D33800C56F43 /* CourseModel.swift in Sources */ = {isa = PBXBuildFile; fileRef = B4483BCD2C80D33800C56F43 /* CourseModel.swift */; };
		B4483BD02C80D42600C56F43 /* TeacherModel.swift in Sources */ = {isa = PBXBuildFile; fileRef = B4483BCF2C80D42600C56F43 /* TeacherModel.swift */; };
		B4483BD22C80D42C00C56F43 /* StudentModel.swift in Sources */ = {isa = PBXBuildFile; fileRef = B4483BD12C80D42C00C56F43 /* StudentModel.swift */; };
		B4483BD62C80D5F200C56F43 /* RealmSwift in Frameworks */ = {isa = PBXBuildFile; productRef = B4483BD52C80D5F200C56F43 /* RealmSwift */; };
		B4483BD82C80D88800C56F43 /* NotificationModel.swift in Sources */ = {isa = PBXBuildFile; fileRef = B4483BD72C80D88800C56F43 /* NotificationModel.swift */; };
		B4483BDA2C80D93200C56F43 /* ScheduleEventModel.swift in Sources */ = {isa = PBXBuildFile; fileRef = B4483BD92C80D93200C56F43 /* ScheduleEventModel.swift */; };
		B4483BDE2C80E2F300C56F43 /* ScheduleItemView.swift in Sources */ = {isa = PBXBuildFile; fileRef = B4483BDD2C80E2F300C56F43 /* ScheduleItemView.swift */; };
		B464F5DC2C822CA0008909CC /* CoursesView.swift in Sources */ = {isa = PBXBuildFile; fileRef = B464F5DB2C822CA0008909CC /* CoursesView.swift */; };
		B464F5DE2C822CA8008909CC /* CoursesViewModel.swift in Sources */ = {isa = PBXBuildFile; fileRef = B464F5DD2C822CA8008909CC /* CoursesViewModel.swift */; };
		B464F5E12C822CF5008909CC /* CoursesDependencyFactory.swift in Sources */ = {isa = PBXBuildFile; fileRef = B464F5E02C822CF5008909CC /* CoursesDependencyFactory.swift */; };
		B464F5E32C822D01008909CC /* CoursesDependencyFactoryImpl.swift in Sources */ = {isa = PBXBuildFile; fileRef = B464F5E22C822D01008909CC /* CoursesDependencyFactoryImpl.swift */; };
		B464F5E72C822D1E008909CC /* NotificationView.swift in Sources */ = {isa = PBXBuildFile; fileRef = B464F5E62C822D1E008909CC /* NotificationView.swift */; };
		B464F5EA2C822D33008909CC /* NotificationDependencyFactory.swift in Sources */ = {isa = PBXBuildFile; fileRef = B464F5E92C822D33008909CC /* NotificationDependencyFactory.swift */; };
		B464F5EC2C822D3E008909CC /* NotificationDependencyFactoryImpl.swift in Sources */ = {isa = PBXBuildFile; fileRef = B464F5EB2C822D3E008909CC /* NotificationDependencyFactoryImpl.swift */; };
		B464F5F32C822DB6008909CC /* DashboardViewModel.swift in Sources */ = {isa = PBXBuildFile; fileRef = B464F5F22C822DB6008909CC /* DashboardViewModel.swift */; };
		B464F5F52C822DBE008909CC /* DashboardView.swift in Sources */ = {isa = PBXBuildFile; fileRef = B464F5F42C822DBE008909CC /* DashboardView.swift */; };
		B464F5FB2C822E8F008909CC /* DashboardDependencyFactory.swift in Sources */ = {isa = PBXBuildFile; fileRef = B464F5FA2C822E8F008909CC /* DashboardDependencyFactory.swift */; };
		B464F5FD2C822E9A008909CC /* DashboardDependencyFactoryImpl.swift in Sources */ = {isa = PBXBuildFile; fileRef = B464F5FC2C822E9A008909CC /* DashboardDependencyFactoryImpl.swift */; };
		B464F6082C84C122008909CC /* NotificationItemView.swift in Sources */ = {isa = PBXBuildFile; fileRef = B464F6072C84C122008909CC /* NotificationItemView.swift */; };
		B464F60A2C84C292008909CC /* Date+Extension.swift in Sources */ = {isa = PBXBuildFile; fileRef = B464F6092C84C292008909CC /* Date+Extension.swift */; };
		B464F60D2C84C2AC008909CC /* DateFormatterManager.swift in Sources */ = {isa = PBXBuildFile; fileRef = B464F60C2C84C2AC008909CC /* DateFormatterManager.swift */; };
		B464F60F2C84C2DD008909CC /* DateFormatStrategy.swift in Sources */ = {isa = PBXBuildFile; fileRef = B464F60E2C84C2DD008909CC /* DateFormatStrategy.swift */; };
		B464F6112C84CA59008909CC /* ViewModelState.swift in Sources */ = {isa = PBXBuildFile; fileRef = B464F6102C84CA59008909CC /* ViewModelState.swift */; };
		B464F6132C84CCC3008909CC /* BaseViewModel.swift in Sources */ = {isa = PBXBuildFile; fileRef = B464F6122C84CCC3008909CC /* BaseViewModel.swift */; };
		B464F6152C84CF1F008909CC /* PagingViewModel.swift in Sources */ = {isa = PBXBuildFile; fileRef = B464F6142C84CF1F008909CC /* PagingViewModel.swift */; };
		B464F6172C84D0B6008909CC /* TaskIdentifier.swift in Sources */ = {isa = PBXBuildFile; fileRef = B464F6162C84D0B6008909CC /* TaskIdentifier.swift */; };
		B464F61A2C84EBEF008909CC /* ListItemView.swift in Sources */ = {isa = PBXBuildFile; fileRef = B464F6192C84EBEF008909CC /* ListItemView.swift */; };
		B464F61E2C84EE9C008909CC /* CourseViewItem.swift in Sources */ = {isa = PBXBuildFile; fileRef = B464F61D2C84EE9C008909CC /* CourseViewItem.swift */; };
		B464F6202C84F039008909CC /* SectionableListItem.swift in Sources */ = {isa = PBXBuildFile; fileRef = B464F61F2C84F039008909CC /* SectionableListItem.swift */; };
		B464F6222C84F050008909CC /* Sectionable.swift in Sources */ = {isa = PBXBuildFile; fileRef = B464F6212C84F050008909CC /* Sectionable.swift */; };
		B464F6252C858BEC008909CC /* PagingSectionViewModel.swift in Sources */ = {isa = PBXBuildFile; fileRef = B464F6242C858BEC008909CC /* PagingSectionViewModel.swift */; };
		B464F6272C8594A3008909CC /* DashboardContent.swift in Sources */ = {isa = PBXBuildFile; fileRef = B464F6262C8594A3008909CC /* DashboardContent.swift */; };
		B464F6292C859618008909CC /* GetDashboardContentUseCaseImpl.swift in Sources */ = {isa = PBXBuildFile; fileRef = B464F6282C859618008909CC /* GetDashboardContentUseCaseImpl.swift */; };
		B464F62B2C860BED008909CC /* ScheduleEventDetailView.swift in Sources */ = {isa = PBXBuildFile; fileRef = B464F62A2C860BED008909CC /* ScheduleEventDetailView.swift */; };
		B464F62D2C8628F3008909CC /* CourseDetailView.swift in Sources */ = {isa = PBXBuildFile; fileRef = B464F62C2C8628F3008909CC /* CourseDetailView.swift */; };
		B464F62F2C86CDC8008909CC /* NotificationDetailView.swift in Sources */ = {isa = PBXBuildFile; fileRef = B464F62E2C86CDC8008909CC /* NotificationDetailView.swift */; };
		B464F6352C86DEFD008909CC /* GetListTeachersUseCase.swift in Sources */ = {isa = PBXBuildFile; fileRef = B464F6342C86DEFD008909CC /* GetListTeachersUseCase.swift */; };
		B464F63B2C870E89008909CC /* LeaderboardView.swift in Sources */ = {isa = PBXBuildFile; fileRef = B464F63A2C870E89008909CC /* LeaderboardView.swift */; };
		B464F63D2C870F4E008909CC /* LeaderboardViewModel.swift in Sources */ = {isa = PBXBuildFile; fileRef = B464F63C2C870F4E008909CC /* LeaderboardViewModel.swift */; };
		B464F6402C8749F3008909CC /* LeaderboardDependencyFactory.swift in Sources */ = {isa = PBXBuildFile; fileRef = B464F63F2C8749F3008909CC /* LeaderboardDependencyFactory.swift */; };
		B464F6422C8749FF008909CC /* LeaderboardDependencyFactoryImpl.swift in Sources */ = {isa = PBXBuildFile; fileRef = B464F6412C8749FF008909CC /* LeaderboardDependencyFactoryImpl.swift */; };
		B46F861E2C7A5ACD004F66D8 /* EduManagerApp.swift in Sources */ = {isa = PBXBuildFile; fileRef = B46F861D2C7A5ACD004F66D8 /* EduManagerApp.swift */; };
		B46F86202C7A5ACD004F66D8 /* ContentView.swift in Sources */ = {isa = PBXBuildFile; fileRef = B46F861F2C7A5ACD004F66D8 /* ContentView.swift */; };
		B46F86222C7A5ACF004F66D8 /* Assets.xcassets in Resources */ = {isa = PBXBuildFile; fileRef = B46F86212C7A5ACF004F66D8 /* Assets.xcassets */; };
		B46F86252C7A5ACF004F66D8 /* Preview Assets.xcassets in Resources */ = {isa = PBXBuildFile; fileRef = B46F86242C7A5ACF004F66D8 /* Preview Assets.xcassets */; };
		B46F862F2C7A5ACF004F66D8 /* EduManagerTests.swift in Sources */ = {isa = PBXBuildFile; fileRef = B46F862E2C7A5ACF004F66D8 /* EduManagerTests.swift */; };
		B46F86392C7A5ACF004F66D8 /* EduManagerUITests.swift in Sources */ = {isa = PBXBuildFile; fileRef = B46F86382C7A5ACF004F66D8 /* EduManagerUITests.swift */; };
		B46F863B2C7A5AD0004F66D8 /* EduManagerUITestsLaunchTests.swift in Sources */ = {isa = PBXBuildFile; fileRef = B46F863A2C7A5AD0004F66D8 /* EduManagerUITestsLaunchTests.swift */; };
		B4EC01932C9B3C980098DCF1 /* LeaderboardItem.swift in Sources */ = {isa = PBXBuildFile; fileRef = B4EC01922C9B3C980098DCF1 /* LeaderboardItem.swift */; };
		B4EC01952C9B3D8B0098DCF1 /* LeaderboardItemModel.swift in Sources */ = {isa = PBXBuildFile; fileRef = B4EC01942C9B3D8B0098DCF1 /* LeaderboardItemModel.swift */; };
		B4EC01992C9B472D0098DCF1 /* StudyViewModel.swift in Sources */ = {isa = PBXBuildFile; fileRef = B4EC01982C9B472D0098DCF1 /* StudyViewModel.swift */; };
		B4EC019B2C9B473A0098DCF1 /* StudyView.swift in Sources */ = {isa = PBXBuildFile; fileRef = B4EC019A2C9B473A0098DCF1 /* StudyView.swift */; };
		B4EC019D2C9B47750098DCF1 /* Scoresheet.swift in Sources */ = {isa = PBXBuildFile; fileRef = B4EC019C2C9B47750098DCF1 /* Scoresheet.swift */; };
		B4EC01A02C9DDE910098DCF1 /* DashboardViewType.swift in Sources */ = {isa = PBXBuildFile; fileRef = B4EC019F2C9DDE910098DCF1 /* DashboardViewType.swift */; };
		B4EC01A42C9DE4EA0098DCF1 /* MainTabBarViewFactory.swift in Sources */ = {isa = PBXBuildFile; fileRef = B4EC01A32C9DE4EA0098DCF1 /* MainTabBarViewFactory.swift */; };
		B4EC01A62C9E878A0098DCF1 /* ScheduleWeekView.swift in Sources */ = {isa = PBXBuildFile; fileRef = B4EC01A52C9E878A0098DCF1 /* ScheduleWeekView.swift */; };
		B4EC01A82C9E95520098DCF1 /* CalendarWeeklyDayItem.swift in Sources */ = {isa = PBXBuildFile; fileRef = B4EC01A72C9E95520098DCF1 /* CalendarWeeklyDayItem.swift */; };
/* End PBXBuildFile section */

/* Begin PBXContainerItemProxy section */
		B46F862B2C7A5ACF004F66D8 /* PBXContainerItemProxy */ = {
			isa = PBXContainerItemProxy;
			containerPortal = B46F86122C7A5ACD004F66D8 /* Project object */;
			proxyType = 1;
			remoteGlobalIDString = B46F86192C7A5ACD004F66D8;
			remoteInfo = EduManager;
		};
		B46F86352C7A5ACF004F66D8 /* PBXContainerItemProxy */ = {
			isa = PBXContainerItemProxy;
			containerPortal = B46F86122C7A5ACD004F66D8 /* Project object */;
			proxyType = 1;
			remoteGlobalIDString = B46F86192C7A5ACD004F66D8;
			remoteInfo = EduManager;
		};
/* End PBXContainerItemProxy section */

/* Begin PBXFileReference section */
		B4483B442C7A6EC400C56F43 /* Subject.swift */ = {isa = PBXFileReference; lastKnownFileType = sourcecode.swift; path = Subject.swift; sourceTree = "<group>"; };
		B4483B472C7A6F3400C56F43 /* Course.swift */ = {isa = PBXFileReference; lastKnownFileType = sourcecode.swift; path = Course.swift; sourceTree = "<group>"; };
		B4483B492C7A6F3900C56F43 /* Teacher.swift */ = {isa = PBXFileReference; lastKnownFileType = sourcecode.swift; path = Teacher.swift; sourceTree = "<group>"; };
		B4483B4B2C7A6F4000C56F43 /* TeacherAssistance.swift */ = {isa = PBXFileReference; lastKnownFileType = sourcecode.swift; path = TeacherAssistance.swift; sourceTree = "<group>"; };
		B4483B4D2C7A6F4800C56F43 /* Student.swift */ = {isa = PBXFileReference; lastKnownFileType = sourcecode.swift; path = Student.swift; sourceTree = "<group>"; };
		B4483B4F2C7A6F5100C56F43 /* AccountType.swift */ = {isa = PBXFileReference; lastKnownFileType = sourcecode.swift; path = AccountType.swift; sourceTree = "<group>"; };
		B4483B522C7A70A300C56F43 /* Gradeable.swift */ = {isa = PBXFileReference; lastKnownFileType = sourcecode.swift; path = Gradeable.swift; sourceTree = "<group>"; };
		B4483B542C7A714400C56F43 /* Grade.swift */ = {isa = PBXFileReference; lastKnownFileType = sourcecode.swift; path = Grade.swift; sourceTree = "<group>"; };
		B4483B582C7A725800C56F43 /* Session.swift */ = {isa = PBXFileReference; lastKnownFileType = sourcecode.swift; path = Session.swift; sourceTree = "<group>"; };
		B4483B5A2C7A72A700C56F43 /* GradeCalculator.swift */ = {isa = PBXFileReference; lastKnownFileType = sourcecode.swift; path = GradeCalculator.swift; sourceTree = "<group>"; };
		B4483B5C2C7A730E00C56F43 /* Int+Extension.swift */ = {isa = PBXFileReference; lastKnownFileType = sourcecode.swift; path = "Int+Extension.swift"; sourceTree = "<group>"; };
		B4483B5E2C7F6EB400C56F43 /* MainView.swift */ = {isa = PBXFileReference; lastKnownFileType = sourcecode.swift; path = MainView.swift; sourceTree = "<group>"; };
		B4483B642C7F721F00C56F43 /* User.swift */ = {isa = PBXFileReference; lastKnownFileType = sourcecode.swift; path = User.swift; sourceTree = "<group>"; };
		B4483B662C7F741900C56F43 /* MoreView.swift */ = {isa = PBXFileReference; lastKnownFileType = sourcecode.swift; path = MoreView.swift; sourceTree = "<group>"; };
		B4483B682C7F742500C56F43 /* MoreViewModel.swift */ = {isa = PBXFileReference; lastKnownFileType = sourcecode.swift; path = MoreViewModel.swift; sourceTree = "<group>"; };
		B4483B6B2C7F752400C56F43 /* FetchUserUseCase.swift */ = {isa = PBXFileReference; lastKnownFileType = sourcecode.swift; path = FetchUserUseCase.swift; sourceTree = "<group>"; };
		B4483B702C7F79C900C56F43 /* MoreViewContent.swift */ = {isa = PBXFileReference; lastKnownFileType = sourcecode.swift; path = MoreViewContent.swift; sourceTree = "<group>"; };
		B4483B722C7F820E00C56F43 /* UserMenu.swift */ = {isa = PBXFileReference; lastKnownFileType = sourcecode.swift; path = UserMenu.swift; sourceTree = "<group>"; };
		B4483B782C7F8B9500C56F43 /* NotificationViewModel.swift */ = {isa = PBXFileReference; lastKnownFileType = sourcecode.swift; path = NotificationViewModel.swift; sourceTree = "<group>"; };
		B4483B7A2C7F8B9F00C56F43 /* CalendarViewModel.swift */ = {isa = PBXFileReference; lastKnownFileType = sourcecode.swift; path = CalendarViewModel.swift; sourceTree = "<group>"; };
		B4483B7C2C7F8BCC00C56F43 /* GetNotificationUseCase.swift */ = {isa = PBXFileReference; lastKnownFileType = sourcecode.swift; path = GetNotificationUseCase.swift; sourceTree = "<group>"; };
		B4483B7E2C7F8BDA00C56F43 /* UseCase.swift */ = {isa = PBXFileReference; lastKnownFileType = sourcecode.swift; path = UseCase.swift; sourceTree = "<group>"; };
		B4483B802C7F8CD300C56F43 /* Notification.swift */ = {isa = PBXFileReference; lastKnownFileType = sourcecode.swift; path = Notification.swift; sourceTree = "<group>"; };
		B4483B842C7F8D1D00C56F43 /* GetNotificationUseCaseImpl.swift */ = {isa = PBXFileReference; lastKnownFileType = sourcecode.swift; path = GetNotificationUseCaseImpl.swift; sourceTree = "<group>"; };
		B4483B872C7FB38900C56F43 /* FetchUserUseCaseImpl.swift */ = {isa = PBXFileReference; lastKnownFileType = sourcecode.swift; path = FetchUserUseCaseImpl.swift; sourceTree = "<group>"; };
		B4483B8A2C7FB45D00C56F43 /* DependencyContainer.swift */ = {isa = PBXFileReference; lastKnownFileType = sourcecode.swift; path = DependencyContainer.swift; sourceTree = "<group>"; };
		B4483B8C2C8050AD00C56F43 /* DIFactory.swift */ = {isa = PBXFileReference; lastKnownFileType = sourcecode.swift; path = DIFactory.swift; sourceTree = "<group>"; };
		B4483B8F2C80534800C56F43 /* MoreDependencyFactory.swift */ = {isa = PBXFileReference; lastKnownFileType = sourcecode.swift; path = MoreDependencyFactory.swift; sourceTree = "<group>"; };
		B4483B912C80540F00C56F43 /* MoreDependencyFactoryImpl.swift */ = {isa = PBXFileReference; lastKnownFileType = sourcecode.swift; path = MoreDependencyFactoryImpl.swift; sourceTree = "<group>"; };
		B4483B952C80548B00C56F43 /* FetchUserUseCasePreview.swift */ = {isa = PBXFileReference; lastKnownFileType = sourcecode.swift; path = FetchUserUseCasePreview.swift; sourceTree = "<group>"; };
		B4483B992C8057C600C56F43 /* LogOutUseCase.swift */ = {isa = PBXFileReference; lastKnownFileType = sourcecode.swift; path = LogOutUseCase.swift; sourceTree = "<group>"; };
		B4483B9B2C8057D200C56F43 /* LogOutUseCaseImpl.swift */ = {isa = PBXFileReference; lastKnownFileType = sourcecode.swift; path = LogOutUseCaseImpl.swift; sourceTree = "<group>"; };
		B4483B9D2C8057DD00C56F43 /* LogOutUseCasePreview.swift */ = {isa = PBXFileReference; lastKnownFileType = sourcecode.swift; path = LogOutUseCasePreview.swift; sourceTree = "<group>"; };
		B4483B9F2C80595B00C56F43 /* MainDependencyFactory.swift */ = {isa = PBXFileReference; lastKnownFileType = sourcecode.swift; path = MainDependencyFactory.swift; sourceTree = "<group>"; };
		B4483BAB2C8083CB00C56F43 /* CalendarView.swift */ = {isa = PBXFileReference; lastKnownFileType = sourcecode.swift; path = CalendarView.swift; sourceTree = "<group>"; };
		B4483BAE2C80848B00C56F43 /* CalendarDependencyFactory.swift */ = {isa = PBXFileReference; lastKnownFileType = sourcecode.swift; path = CalendarDependencyFactory.swift; sourceTree = "<group>"; };
		B4483BB12C80860900C56F43 /* GetScheduleUseCase.swift */ = {isa = PBXFileReference; lastKnownFileType = sourcecode.swift; path = GetScheduleUseCase.swift; sourceTree = "<group>"; };
		B4483BB32C80890F00C56F43 /* ScheduleEvent.swift */ = {isa = PBXFileReference; lastKnownFileType = sourcecode.swift; path = ScheduleEvent.swift; sourceTree = "<group>"; };
		B4483BB52C808B4800C56F43 /* GetScheduleUseCaseImpl.swift */ = {isa = PBXFileReference; lastKnownFileType = sourcecode.swift; path = GetScheduleUseCaseImpl.swift; sourceTree = "<group>"; };
		B4483BB72C808C2000C56F43 /* GetScheduleUseCasePreview.swift */ = {isa = PBXFileReference; lastKnownFileType = sourcecode.swift; path = GetScheduleUseCasePreview.swift; sourceTree = "<group>"; };
		B4483BB92C80B22100C56F43 /* Class.swift */ = {isa = PBXFileReference; lastKnownFileType = sourcecode.swift; path = Class.swift; sourceTree = "<group>"; };
		B4483BBB2C80BDC600C56F43 /* CourseSchedule.swift */ = {isa = PBXFileReference; lastKnownFileType = sourcecode.swift; path = CourseSchedule.swift; sourceTree = "<group>"; };
		B4483BBD2C80C1E400C56F43 /* GetCourseUseCase.swift */ = {isa = PBXFileReference; lastKnownFileType = sourcecode.swift; path = GetCourseUseCase.swift; sourceTree = "<group>"; };
		B4483BBF2C80C1EF00C56F43 /* GetCourseUseCaseImpl.swift */ = {isa = PBXFileReference; lastKnownFileType = sourcecode.swift; path = GetCourseUseCaseImpl.swift; sourceTree = "<group>"; };
		B4483BC12C80C7F100C56F43 /* GetDashboardContentUseCase.swift */ = {isa = PBXFileReference; lastKnownFileType = sourcecode.swift; path = GetDashboardContentUseCase.swift; sourceTree = "<group>"; };
		B4483BC32C80D1CD00C56F43 /* CalendarDependencyFactoryImpl.swift */ = {isa = PBXFileReference; lastKnownFileType = sourcecode.swift; path = CalendarDependencyFactoryImpl.swift; sourceTree = "<group>"; };
		B4483BCD2C80D33800C56F43 /* CourseModel.swift */ = {isa = PBXFileReference; lastKnownFileType = sourcecode.swift; path = CourseModel.swift; sourceTree = "<group>"; };
		B4483BCF2C80D42600C56F43 /* TeacherModel.swift */ = {isa = PBXFileReference; lastKnownFileType = sourcecode.swift; path = TeacherModel.swift; sourceTree = "<group>"; };
		B4483BD12C80D42C00C56F43 /* StudentModel.swift */ = {isa = PBXFileReference; lastKnownFileType = sourcecode.swift; path = StudentModel.swift; sourceTree = "<group>"; };
		B4483BD72C80D88800C56F43 /* NotificationModel.swift */ = {isa = PBXFileReference; lastKnownFileType = sourcecode.swift; path = NotificationModel.swift; sourceTree = "<group>"; };
		B4483BD92C80D93200C56F43 /* ScheduleEventModel.swift */ = {isa = PBXFileReference; lastKnownFileType = sourcecode.swift; path = ScheduleEventModel.swift; sourceTree = "<group>"; };
		B4483BDD2C80E2F300C56F43 /* ScheduleItemView.swift */ = {isa = PBXFileReference; lastKnownFileType = sourcecode.swift; path = ScheduleItemView.swift; sourceTree = "<group>"; };
		B464F5DB2C822CA0008909CC /* CoursesView.swift */ = {isa = PBXFileReference; lastKnownFileType = sourcecode.swift; path = CoursesView.swift; sourceTree = "<group>"; };
		B464F5DD2C822CA8008909CC /* CoursesViewModel.swift */ = {isa = PBXFileReference; lastKnownFileType = sourcecode.swift; path = CoursesViewModel.swift; sourceTree = "<group>"; };
		B464F5E02C822CF5008909CC /* CoursesDependencyFactory.swift */ = {isa = PBXFileReference; lastKnownFileType = sourcecode.swift; path = CoursesDependencyFactory.swift; sourceTree = "<group>"; };
		B464F5E22C822D01008909CC /* CoursesDependencyFactoryImpl.swift */ = {isa = PBXFileReference; lastKnownFileType = sourcecode.swift; path = CoursesDependencyFactoryImpl.swift; sourceTree = "<group>"; };
		B464F5E62C822D1E008909CC /* NotificationView.swift */ = {isa = PBXFileReference; lastKnownFileType = sourcecode.swift; path = NotificationView.swift; sourceTree = "<group>"; };
		B464F5E92C822D33008909CC /* NotificationDependencyFactory.swift */ = {isa = PBXFileReference; lastKnownFileType = sourcecode.swift; path = NotificationDependencyFactory.swift; sourceTree = "<group>"; };
		B464F5EB2C822D3E008909CC /* NotificationDependencyFactoryImpl.swift */ = {isa = PBXFileReference; lastKnownFileType = sourcecode.swift; path = NotificationDependencyFactoryImpl.swift; sourceTree = "<group>"; };
		B464F5F22C822DB6008909CC /* DashboardViewModel.swift */ = {isa = PBXFileReference; lastKnownFileType = sourcecode.swift; path = DashboardViewModel.swift; sourceTree = "<group>"; };
		B464F5F42C822DBE008909CC /* DashboardView.swift */ = {isa = PBXFileReference; lastKnownFileType = sourcecode.swift; path = DashboardView.swift; sourceTree = "<group>"; };
		B464F5FA2C822E8F008909CC /* DashboardDependencyFactory.swift */ = {isa = PBXFileReference; lastKnownFileType = sourcecode.swift; path = DashboardDependencyFactory.swift; sourceTree = "<group>"; };
		B464F5FC2C822E9A008909CC /* DashboardDependencyFactoryImpl.swift */ = {isa = PBXFileReference; lastKnownFileType = sourcecode.swift; path = DashboardDependencyFactoryImpl.swift; sourceTree = "<group>"; };
		B464F6072C84C122008909CC /* NotificationItemView.swift */ = {isa = PBXFileReference; lastKnownFileType = sourcecode.swift; path = NotificationItemView.swift; sourceTree = "<group>"; };
		B464F6092C84C292008909CC /* Date+Extension.swift */ = {isa = PBXFileReference; lastKnownFileType = sourcecode.swift; path = "Date+Extension.swift"; sourceTree = "<group>"; };
		B464F60C2C84C2AC008909CC /* DateFormatterManager.swift */ = {isa = PBXFileReference; lastKnownFileType = sourcecode.swift; path = DateFormatterManager.swift; sourceTree = "<group>"; };
		B464F60E2C84C2DD008909CC /* DateFormatStrategy.swift */ = {isa = PBXFileReference; lastKnownFileType = sourcecode.swift; path = DateFormatStrategy.swift; sourceTree = "<group>"; };
		B464F6102C84CA59008909CC /* ViewModelState.swift */ = {isa = PBXFileReference; lastKnownFileType = sourcecode.swift; path = ViewModelState.swift; sourceTree = "<group>"; };
		B464F6122C84CCC3008909CC /* BaseViewModel.swift */ = {isa = PBXFileReference; lastKnownFileType = sourcecode.swift; path = BaseViewModel.swift; sourceTree = "<group>"; };
		B464F6142C84CF1F008909CC /* PagingViewModel.swift */ = {isa = PBXFileReference; lastKnownFileType = sourcecode.swift; path = PagingViewModel.swift; sourceTree = "<group>"; };
		B464F6162C84D0B6008909CC /* TaskIdentifier.swift */ = {isa = PBXFileReference; lastKnownFileType = sourcecode.swift; path = TaskIdentifier.swift; sourceTree = "<group>"; };
		B464F6192C84EBEF008909CC /* ListItemView.swift */ = {isa = PBXFileReference; lastKnownFileType = sourcecode.swift; path = ListItemView.swift; sourceTree = "<group>"; };
		B464F61D2C84EE9C008909CC /* CourseViewItem.swift */ = {isa = PBXFileReference; lastKnownFileType = sourcecode.swift; path = CourseViewItem.swift; sourceTree = "<group>"; };
		B464F61F2C84F039008909CC /* SectionableListItem.swift */ = {isa = PBXFileReference; lastKnownFileType = sourcecode.swift; path = SectionableListItem.swift; sourceTree = "<group>"; };
		B464F6212C84F050008909CC /* Sectionable.swift */ = {isa = PBXFileReference; lastKnownFileType = sourcecode.swift; path = Sectionable.swift; sourceTree = "<group>"; };
		B464F6242C858BEC008909CC /* PagingSectionViewModel.swift */ = {isa = PBXFileReference; lastKnownFileType = sourcecode.swift; path = PagingSectionViewModel.swift; sourceTree = "<group>"; };
		B464F6262C8594A3008909CC /* DashboardContent.swift */ = {isa = PBXFileReference; lastKnownFileType = sourcecode.swift; path = DashboardContent.swift; sourceTree = "<group>"; };
		B464F6282C859618008909CC /* GetDashboardContentUseCaseImpl.swift */ = {isa = PBXFileReference; lastKnownFileType = sourcecode.swift; path = GetDashboardContentUseCaseImpl.swift; sourceTree = "<group>"; };
		B464F62A2C860BED008909CC /* ScheduleEventDetailView.swift */ = {isa = PBXFileReference; lastKnownFileType = sourcecode.swift; path = ScheduleEventDetailView.swift; sourceTree = "<group>"; };
		B464F62C2C8628F3008909CC /* CourseDetailView.swift */ = {isa = PBXFileReference; lastKnownFileType = sourcecode.swift; path = CourseDetailView.swift; sourceTree = "<group>"; };
		B464F62E2C86CDC8008909CC /* NotificationDetailView.swift */ = {isa = PBXFileReference; lastKnownFileType = sourcecode.swift; path = NotificationDetailView.swift; sourceTree = "<group>"; };
		B464F6342C86DEFD008909CC /* GetListTeachersUseCase.swift */ = {isa = PBXFileReference; lastKnownFileType = sourcecode.swift; path = GetListTeachersUseCase.swift; sourceTree = "<group>"; };
		B464F63A2C870E89008909CC /* LeaderboardView.swift */ = {isa = PBXFileReference; lastKnownFileType = sourcecode.swift; path = LeaderboardView.swift; sourceTree = "<group>"; };
		B464F63C2C870F4E008909CC /* LeaderboardViewModel.swift */ = {isa = PBXFileReference; lastKnownFileType = sourcecode.swift; path = LeaderboardViewModel.swift; sourceTree = "<group>"; };
		B464F63F2C8749F3008909CC /* LeaderboardDependencyFactory.swift */ = {isa = PBXFileReference; lastKnownFileType = sourcecode.swift; path = LeaderboardDependencyFactory.swift; sourceTree = "<group>"; };
		B464F6412C8749FF008909CC /* LeaderboardDependencyFactoryImpl.swift */ = {isa = PBXFileReference; lastKnownFileType = sourcecode.swift; path = LeaderboardDependencyFactoryImpl.swift; sourceTree = "<group>"; };
		B46F861A2C7A5ACD004F66D8 /* EduManager.app */ = {isa = PBXFileReference; explicitFileType = wrapper.application; includeInIndex = 0; path = EduManager.app; sourceTree = BUILT_PRODUCTS_DIR; };
		B46F861D2C7A5ACD004F66D8 /* EduManagerApp.swift */ = {isa = PBXFileReference; lastKnownFileType = sourcecode.swift; path = EduManagerApp.swift; sourceTree = "<group>"; };
		B46F861F2C7A5ACD004F66D8 /* ContentView.swift */ = {isa = PBXFileReference; lastKnownFileType = sourcecode.swift; path = ContentView.swift; sourceTree = "<group>"; };
		B46F86212C7A5ACF004F66D8 /* Assets.xcassets */ = {isa = PBXFileReference; lastKnownFileType = folder.assetcatalog; path = Assets.xcassets; sourceTree = "<group>"; };
		B46F86242C7A5ACF004F66D8 /* Preview Assets.xcassets */ = {isa = PBXFileReference; lastKnownFileType = folder.assetcatalog; path = "Preview Assets.xcassets"; sourceTree = "<group>"; };
		B46F862A2C7A5ACF004F66D8 /* EduManagerTests.xctest */ = {isa = PBXFileReference; explicitFileType = wrapper.cfbundle; includeInIndex = 0; path = EduManagerTests.xctest; sourceTree = BUILT_PRODUCTS_DIR; };
		B46F862E2C7A5ACF004F66D8 /* EduManagerTests.swift */ = {isa = PBXFileReference; lastKnownFileType = sourcecode.swift; path = EduManagerTests.swift; sourceTree = "<group>"; };
		B46F86342C7A5ACF004F66D8 /* EduManagerUITests.xctest */ = {isa = PBXFileReference; explicitFileType = wrapper.cfbundle; includeInIndex = 0; path = EduManagerUITests.xctest; sourceTree = BUILT_PRODUCTS_DIR; };
		B46F86382C7A5ACF004F66D8 /* EduManagerUITests.swift */ = {isa = PBXFileReference; lastKnownFileType = sourcecode.swift; path = EduManagerUITests.swift; sourceTree = "<group>"; };
		B46F863A2C7A5AD0004F66D8 /* EduManagerUITestsLaunchTests.swift */ = {isa = PBXFileReference; lastKnownFileType = sourcecode.swift; path = EduManagerUITestsLaunchTests.swift; sourceTree = "<group>"; };
		B4EC01922C9B3C980098DCF1 /* LeaderboardItem.swift */ = {isa = PBXFileReference; lastKnownFileType = sourcecode.swift; path = LeaderboardItem.swift; sourceTree = "<group>"; };
		B4EC01942C9B3D8B0098DCF1 /* LeaderboardItemModel.swift */ = {isa = PBXFileReference; lastKnownFileType = sourcecode.swift; path = LeaderboardItemModel.swift; sourceTree = "<group>"; };
		B4EC01982C9B472D0098DCF1 /* StudyViewModel.swift */ = {isa = PBXFileReference; lastKnownFileType = sourcecode.swift; path = StudyViewModel.swift; sourceTree = "<group>"; };
		B4EC019A2C9B473A0098DCF1 /* StudyView.swift */ = {isa = PBXFileReference; lastKnownFileType = sourcecode.swift; path = StudyView.swift; sourceTree = "<group>"; };
		B4EC019C2C9B47750098DCF1 /* Scoresheet.swift */ = {isa = PBXFileReference; lastKnownFileType = sourcecode.swift; path = Scoresheet.swift; sourceTree = "<group>"; };
		B4EC019F2C9DDE910098DCF1 /* DashboardViewType.swift */ = {isa = PBXFileReference; lastKnownFileType = sourcecode.swift; path = DashboardViewType.swift; sourceTree = "<group>"; };
		B4EC01A32C9DE4EA0098DCF1 /* MainTabBarViewFactory.swift */ = {isa = PBXFileReference; lastKnownFileType = sourcecode.swift; path = MainTabBarViewFactory.swift; sourceTree = "<group>"; };
		B4EC01A52C9E878A0098DCF1 /* ScheduleWeekView.swift */ = {isa = PBXFileReference; lastKnownFileType = sourcecode.swift; path = ScheduleWeekView.swift; sourceTree = "<group>"; };
		B4EC01A72C9E95520098DCF1 /* CalendarWeeklyDayItem.swift */ = {isa = PBXFileReference; lastKnownFileType = sourcecode.swift; path = CalendarWeeklyDayItem.swift; sourceTree = "<group>"; };
/* End PBXFileReference section */

/* Begin PBXFrameworksBuildPhase section */
		B46F86172C7A5ACD004F66D8 /* Frameworks */ = {
			isa = PBXFrameworksBuildPhase;
			buildActionMask = 2147483647;
			files = (
				B4483BD62C80D5F200C56F43 /* RealmSwift in Frameworks */,
			);
			runOnlyForDeploymentPostprocessing = 0;
		};
		B46F86272C7A5ACF004F66D8 /* Frameworks */ = {
			isa = PBXFrameworksBuildPhase;
			buildActionMask = 2147483647;
			files = (
			);
			runOnlyForDeploymentPostprocessing = 0;
		};
		B46F86312C7A5ACF004F66D8 /* Frameworks */ = {
			isa = PBXFrameworksBuildPhase;
			buildActionMask = 2147483647;
			files = (
			);
			runOnlyForDeploymentPostprocessing = 0;
		};
/* End PBXFrameworksBuildPhase section */

/* Begin PBXGroup section */
		B4483B3C2C7A6DF900C56F43 /* Domain */ = {
			isa = PBXGroup;
			children = (
				B4483B432C7A6EB500C56F43 /* Repository */,
				B4483B422C7A6EB100C56F43 /* UseCase */,
				B4483B412C7A6EAB00C56F43 /* Entities */,
			);
			path = Domain;
			sourceTree = "<group>";
		};
		B4483B3D2C7A6E0600C56F43 /* Data */ = {
			isa = PBXGroup;
			children = (
				B4483BC72C80D27100C56F43 /* Model */,
				B4483B822C7F8D0B00C56F43 /* Repositories */,
			);
			path = Data;
			sourceTree = "<group>";
		};
		B4483B3E2C7A6E0A00C56F43 /* Presentation */ = {
			isa = PBXGroup;
			children = (
				B4EC019E2C9DDE1E0098DCF1 /* TabBar */,
				B464F6182C84EBCE008909CC /* Base */,
				B464F5DA2C822C92008909CC /* Features */,
				B4483B5E2C7F6EB400C56F43 /* MainView.swift */,
				B4EC01A32C9DE4EA0098DCF1 /* MainTabBarViewFactory.swift */,
				B4483B9F2C80595B00C56F43 /* MainDependencyFactory.swift */,
			);
			path = Presentation;
			sourceTree = "<group>";
		};
		B4483B3F2C7A6E1700C56F43 /* Utils */ = {
			isa = PBXGroup;
			children = (
				B464F60B2C84C29D008909CC /* Formatter */,
				B4483B5A2C7A72A700C56F43 /* GradeCalculator.swift */,
				B4483B5C2C7A730E00C56F43 /* Int+Extension.swift */,
				B464F6092C84C292008909CC /* Date+Extension.swift */,
			);
			path = Utils;
			sourceTree = "<group>";
		};
		B4483B402C7A6E1D00C56F43 /* Cores */ = {
			isa = PBXGroup;
			children = (
				B464F6232C858BC9008909CC /* ViewModel */,
				B4483B7E2C7F8BDA00C56F43 /* UseCase.swift */,
				B4483B8A2C7FB45D00C56F43 /* DependencyContainer.swift */,
				B4483B8C2C8050AD00C56F43 /* DIFactory.swift */,
				B464F6102C84CA59008909CC /* ViewModelState.swift */,
				B464F6162C84D0B6008909CC /* TaskIdentifier.swift */,
			);
			path = Cores;
			sourceTree = "<group>";
		};
		B4483B412C7A6EAB00C56F43 /* Entities */ = {
			isa = PBXGroup;
			children = (
				B4483B572C7A724E00C56F43 /* Session */,
				B4483B562C7A724400C56F43 /* DataEntities */,
				B4483B512C7A709B00C56F43 /* Protocol */,
			);
			path = Entities;
			sourceTree = "<group>";
		};
		B4483B422C7A6EB100C56F43 /* UseCase */ = {
			isa = PBXGroup;
			children = (
				B464F6312C86DEDD008909CC /* Assistance */,
				B464F6302C86DED2008909CC /* Teachers */,
				B4483BB02C80858000C56F43 /* Calendar */,
				B4483B762C7F8B6500C56F43 /* Dashboard */,
				B4483B752C7F8B3700C56F43 /* Course */,
				B4483B742C7F8B3100C56F43 /* Notification */,
				B4483B6A2C7F751B00C56F43 /* User */,
			);
			path = UseCase;
			sourceTree = "<group>";
		};
		B4483B432C7A6EB500C56F43 /* Repository */ = {
			isa = PBXGroup;
			children = (
			);
			path = Repository;
			sourceTree = "<group>";
		};
		B4483B512C7A709B00C56F43 /* Protocol */ = {
			isa = PBXGroup;
			children = (
				B4483B522C7A70A300C56F43 /* Gradeable.swift */,
			);
			path = Protocol;
			sourceTree = "<group>";
		};
		B4483B562C7A724400C56F43 /* DataEntities */ = {
			isa = PBXGroup;
			children = (
				B4483B442C7A6EC400C56F43 /* Subject.swift */,
				B4483B472C7A6F3400C56F43 /* Course.swift */,
				B4483B492C7A6F3900C56F43 /* Teacher.swift */,
				B4483B4B2C7A6F4000C56F43 /* TeacherAssistance.swift */,
				B4483B4D2C7A6F4800C56F43 /* Student.swift */,
				B4483B542C7A714400C56F43 /* Grade.swift */,
				B4483B642C7F721F00C56F43 /* User.swift */,
				B4483B802C7F8CD300C56F43 /* Notification.swift */,
				B4483BB32C80890F00C56F43 /* ScheduleEvent.swift */,
				B4483BB92C80B22100C56F43 /* Class.swift */,
				B4483BBB2C80BDC600C56F43 /* CourseSchedule.swift */,
				B464F6262C8594A3008909CC /* DashboardContent.swift */,
				B4EC01922C9B3C980098DCF1 /* LeaderboardItem.swift */,
				B4EC019C2C9B47750098DCF1 /* Scoresheet.swift */,
			);
			path = DataEntities;
			sourceTree = "<group>";
		};
		B4483B572C7A724E00C56F43 /* Session */ = {
			isa = PBXGroup;
			children = (
				B4483B582C7A725800C56F43 /* Session.swift */,
			);
			path = Session;
			sourceTree = "<group>";
		};
		B4483B612C7F720300C56F43 /* CalendarView */ = {
			isa = PBXGroup;
			children = (
				B4483BAD2C8083D300C56F43 /* Factory */,
				B4483BDC2C80E2D600C56F43 /* Components */,
				B4483B7A2C7F8B9F00C56F43 /* CalendarViewModel.swift */,
				B4483BAB2C8083CB00C56F43 /* CalendarView.swift */,
			);
			path = CalendarView;
			sourceTree = "<group>";
		};
		B4483B622C7F720A00C56F43 /* NotificationView */ = {
			isa = PBXGroup;
			children = (
				B464F5E82C822D21008909CC /* Factory */,
				B464F5EF2C822D58008909CC /* Components */,
				B4483B782C7F8B9500C56F43 /* NotificationViewModel.swift */,
				B464F5E62C822D1E008909CC /* NotificationView.swift */,
			);
			path = NotificationView;
			sourceTree = "<group>";
		};
		B4483B632C7F721300C56F43 /* MoreView */ = {
			isa = PBXGroup;
			children = (
				B4483B8E2C80533D00C56F43 /* Factory */,
				B4483B6D2C7F792000C56F43 /* Components */,
				B4483B662C7F741900C56F43 /* MoreView.swift */,
				B4483B682C7F742500C56F43 /* MoreViewModel.swift */,
			);
			path = MoreView;
			sourceTree = "<group>";
		};
		B4483B6A2C7F751B00C56F43 /* User */ = {
			isa = PBXGroup;
			children = (
				B4483B982C8057B400C56F43 /* LogOut */,
				B4483B972C8057AC00C56F43 /* Fetch */,
			);
			path = User;
			sourceTree = "<group>";
		};
		B4483B6D2C7F792000C56F43 /* Components */ = {
			isa = PBXGroup;
			children = (
				B4483B722C7F820E00C56F43 /* UserMenu.swift */,
				B4483B4F2C7A6F5100C56F43 /* AccountType.swift */,
				B4483B702C7F79C900C56F43 /* MoreViewContent.swift */,
				B4EC019F2C9DDE910098DCF1 /* DashboardViewType.swift */,
			);
			path = Components;
			sourceTree = "<group>";
		};
		B4483B742C7F8B3100C56F43 /* Notification */ = {
			isa = PBXGroup;
			children = (
				B4483B842C7F8D1D00C56F43 /* GetNotificationUseCaseImpl.swift */,
				B4483B7C2C7F8BCC00C56F43 /* GetNotificationUseCase.swift */,
			);
			path = Notification;
			sourceTree = "<group>";
		};
		B4483B752C7F8B3700C56F43 /* Course */ = {
			isa = PBXGroup;
			children = (
				B4483BBD2C80C1E400C56F43 /* GetCourseUseCase.swift */,
				B4483BBF2C80C1EF00C56F43 /* GetCourseUseCaseImpl.swift */,
			);
			path = Course;
			sourceTree = "<group>";
		};
		B4483B762C7F8B6500C56F43 /* Dashboard */ = {
			isa = PBXGroup;
			children = (
				B4483BC12C80C7F100C56F43 /* GetDashboardContentUseCase.swift */,
				B464F6282C859618008909CC /* GetDashboardContentUseCaseImpl.swift */,
			);
			path = Dashboard;
			sourceTree = "<group>";
		};
		B4483B822C7F8D0B00C56F43 /* Repositories */ = {
			isa = PBXGroup;
			children = (
				B4483B862C7F8DE500C56F43 /* User */,
				B4483B832C7F8D1300C56F43 /* Notification */,
			);
			path = Repositories;
			sourceTree = "<group>";
		};
		B4483B832C7F8D1300C56F43 /* Notification */ = {
			isa = PBXGroup;
			children = (
			);
			path = Notification;
			sourceTree = "<group>";
		};
		B4483B862C7F8DE500C56F43 /* User */ = {
			isa = PBXGroup;
			children = (
			);
			path = User;
			sourceTree = "<group>";
		};
		B4483B8E2C80533D00C56F43 /* Factory */ = {
			isa = PBXGroup;
			children = (
				B4483B8F2C80534800C56F43 /* MoreDependencyFactory.swift */,
				B4483B912C80540F00C56F43 /* MoreDependencyFactoryImpl.swift */,
			);
			path = Factory;
			sourceTree = "<group>";
		};
		B4483B972C8057AC00C56F43 /* Fetch */ = {
			isa = PBXGroup;
			children = (
				B4483B872C7FB38900C56F43 /* FetchUserUseCaseImpl.swift */,
				B4483B6B2C7F752400C56F43 /* FetchUserUseCase.swift */,
				B4483B952C80548B00C56F43 /* FetchUserUseCasePreview.swift */,
			);
			path = Fetch;
			sourceTree = "<group>";
		};
		B4483B982C8057B400C56F43 /* LogOut */ = {
			isa = PBXGroup;
			children = (
				B4483B992C8057C600C56F43 /* LogOutUseCase.swift */,
				B4483B9B2C8057D200C56F43 /* LogOutUseCaseImpl.swift */,
				B4483B9D2C8057DD00C56F43 /* LogOutUseCasePreview.swift */,
			);
			path = LogOut;
			sourceTree = "<group>";
		};
		B4483BAD2C8083D300C56F43 /* Factory */ = {
			isa = PBXGroup;
			children = (
				B4483BAE2C80848B00C56F43 /* CalendarDependencyFactory.swift */,
				B4483BC32C80D1CD00C56F43 /* CalendarDependencyFactoryImpl.swift */,
			);
			path = Factory;
			sourceTree = "<group>";
		};
		B4483BB02C80858000C56F43 /* Calendar */ = {
			isa = PBXGroup;
			children = (
				B4483BB12C80860900C56F43 /* GetScheduleUseCase.swift */,
				B4483BB52C808B4800C56F43 /* GetScheduleUseCaseImpl.swift */,
				B4483BB72C808C2000C56F43 /* GetScheduleUseCasePreview.swift */,
			);
			path = Calendar;
			sourceTree = "<group>";
		};
		B4483BC72C80D27100C56F43 /* Model */ = {
			isa = PBXGroup;
			children = (
				B4483BCD2C80D33800C56F43 /* CourseModel.swift */,
				B4483BCF2C80D42600C56F43 /* TeacherModel.swift */,
				B4483BD12C80D42C00C56F43 /* StudentModel.swift */,
				B4483BD72C80D88800C56F43 /* NotificationModel.swift */,
				B4483BD92C80D93200C56F43 /* ScheduleEventModel.swift */,
				B4EC01942C9B3D8B0098DCF1 /* LeaderboardItemModel.swift */,
			);
			path = Model;
			sourceTree = "<group>";
		};
		B4483BDC2C80E2D600C56F43 /* Components */ = {
			isa = PBXGroup;
			children = (
				B4483BDD2C80E2F300C56F43 /* ScheduleItemView.swift */,
				B464F62A2C860BED008909CC /* ScheduleEventDetailView.swift */,
				B4EC01A52C9E878A0098DCF1 /* ScheduleWeekView.swift */,
				B4EC01A72C9E95520098DCF1 /* CalendarWeeklyDayItem.swift */,
			);
			path = Components;
			sourceTree = "<group>";
		};
		B464F5D92C822C80008909CC /* ClassView */ = {
			isa = PBXGroup;
			children = (
				B464F5DF2C822CAD008909CC /* Factory */,
				B464F5F02C822D6E008909CC /* Components */,
				B464F5DB2C822CA0008909CC /* CoursesView.swift */,
				B464F5DD2C822CA8008909CC /* CoursesViewModel.swift */,
			);
			path = ClassView;
			sourceTree = "<group>";
		};
		B464F5DA2C822C92008909CC /* Features */ = {
			isa = PBXGroup;
			children = (
				B4483B622C7F720A00C56F43 /* NotificationView */,
			);
			path = Features;
			sourceTree = "<group>";
		};
		B464F5DF2C822CAD008909CC /* Factory */ = {
			isa = PBXGroup;
			children = (
				B464F5E02C822CF5008909CC /* CoursesDependencyFactory.swift */,
				B464F5E22C822D01008909CC /* CoursesDependencyFactoryImpl.swift */,
			);
			path = Factory;
			sourceTree = "<group>";
		};
		B464F5E82C822D21008909CC /* Factory */ = {
			isa = PBXGroup;
			children = (
				B464F5E92C822D33008909CC /* NotificationDependencyFactory.swift */,
				B464F5EB2C822D3E008909CC /* NotificationDependencyFactoryImpl.swift */,
			);
			path = Factory;
			sourceTree = "<group>";
		};
		B464F5EF2C822D58008909CC /* Components */ = {
			isa = PBXGroup;
			children = (
				B464F6072C84C122008909CC /* NotificationItemView.swift */,
				B464F62E2C86CDC8008909CC /* NotificationDetailView.swift */,
			);
			path = Components;
			sourceTree = "<group>";
		};
		B464F5F02C822D6E008909CC /* Components */ = {
			isa = PBXGroup;
			children = (
				B464F61D2C84EE9C008909CC /* CourseViewItem.swift */,
				B464F62C2C8628F3008909CC /* CourseDetailView.swift */,
			);
			path = Components;
			sourceTree = "<group>";
		};
		B464F5F12C822D9E008909CC /* DashboardView */ = {
			isa = PBXGroup;
			children = (
				B464F5F92C822E83008909CC /* Factory */,
				B464F5F62C822DC3008909CC /* Components */,
				B464F5F22C822DB6008909CC /* DashboardViewModel.swift */,
				B464F5F42C822DBE008909CC /* DashboardView.swift */,
			);
			path = DashboardView;
			sourceTree = "<group>";
		};
		B464F5F62C822DC3008909CC /* Components */ = {
			isa = PBXGroup;
			children = (
			);
			path = Components;
			sourceTree = "<group>";
		};
		B464F5F92C822E83008909CC /* Factory */ = {
			isa = PBXGroup;
			children = (
				B464F5FA2C822E8F008909CC /* DashboardDependencyFactory.swift */,
				B464F5FC2C822E9A008909CC /* DashboardDependencyFactoryImpl.swift */,
			);
			path = Factory;
			sourceTree = "<group>";
		};
		B464F60B2C84C29D008909CC /* Formatter */ = {
			isa = PBXGroup;
			children = (
				B464F60C2C84C2AC008909CC /* DateFormatterManager.swift */,
				B464F60E2C84C2DD008909CC /* DateFormatStrategy.swift */,
			);
			path = Formatter;
			sourceTree = "<group>";
		};
		B464F6182C84EBCE008909CC /* Base */ = {
			isa = PBXGroup;
			children = (
				B464F6192C84EBEF008909CC /* ListItemView.swift */,
				B464F61F2C84F039008909CC /* SectionableListItem.swift */,
				B464F6212C84F050008909CC /* Sectionable.swift */,
			);
			path = Base;
			sourceTree = "<group>";
		};
		B464F6232C858BC9008909CC /* ViewModel */ = {
			isa = PBXGroup;
			children = (
				B464F6122C84CCC3008909CC /* BaseViewModel.swift */,
				B464F6142C84CF1F008909CC /* PagingViewModel.swift */,
				B464F6242C858BEC008909CC /* PagingSectionViewModel.swift */,
			);
			path = ViewModel;
			sourceTree = "<group>";
		};
		B464F6302C86DED2008909CC /* Teachers */ = {
			isa = PBXGroup;
			children = (
				B464F6342C86DEFD008909CC /* GetListTeachersUseCase.swift */,
			);
			path = Teachers;
			sourceTree = "<group>";
		};
		B464F6312C86DEDD008909CC /* Assistance */ = {
			isa = PBXGroup;
			children = (
			);
			path = Assistance;
			sourceTree = "<group>";
		};
		B464F6382C870E6E008909CC /* Leaderboard */ = {
			isa = PBXGroup;
			children = (
				B464F63E2C874803008909CC /* Factory */,
				B464F6392C870E7B008909CC /* Components */,
				B464F63A2C870E89008909CC /* LeaderboardView.swift */,
				B464F63C2C870F4E008909CC /* LeaderboardViewModel.swift */,
			);
			path = Leaderboard;
			sourceTree = "<group>";
		};
		B464F6392C870E7B008909CC /* Components */ = {
			isa = PBXGroup;
			children = (
			);
			path = Components;
			sourceTree = "<group>";
		};
		B464F63E2C874803008909CC /* Factory */ = {
			isa = PBXGroup;
			children = (
				B464F63F2C8749F3008909CC /* LeaderboardDependencyFactory.swift */,
				B464F6412C8749FF008909CC /* LeaderboardDependencyFactoryImpl.swift */,
			);
			path = Factory;
			sourceTree = "<group>";
		};
		B46F86112C7A5ACD004F66D8 = {
			isa = PBXGroup;
			children = (
				B46F861C2C7A5ACD004F66D8 /* EduManager */,
				B46F862D2C7A5ACF004F66D8 /* EduManagerTests */,
				B46F86372C7A5ACF004F66D8 /* EduManagerUITests */,
				B46F861B2C7A5ACD004F66D8 /* Products */,
			);
			sourceTree = "<group>";
		};
		B46F861B2C7A5ACD004F66D8 /* Products */ = {
			isa = PBXGroup;
			children = (
				B46F861A2C7A5ACD004F66D8 /* EduManager.app */,
				B46F862A2C7A5ACF004F66D8 /* EduManagerTests.xctest */,
				B46F86342C7A5ACF004F66D8 /* EduManagerUITests.xctest */,
			);
			name = Products;
			sourceTree = "<group>";
		};
		B46F861C2C7A5ACD004F66D8 /* EduManager */ = {
			isa = PBXGroup;
			children = (
				B4483B402C7A6E1D00C56F43 /* Cores */,
				B4483B3F2C7A6E1700C56F43 /* Utils */,
				B4483B3E2C7A6E0A00C56F43 /* Presentation */,
				B4483B3D2C7A6E0600C56F43 /* Data */,
				B4483B3C2C7A6DF900C56F43 /* Domain */,
				B46F861D2C7A5ACD004F66D8 /* EduManagerApp.swift */,
				B46F861F2C7A5ACD004F66D8 /* ContentView.swift */,
				B46F86212C7A5ACF004F66D8 /* Assets.xcassets */,
				B46F86232C7A5ACF004F66D8 /* Preview Content */,
			);
			path = EduManager;
			sourceTree = "<group>";
		};
		B46F86232C7A5ACF004F66D8 /* Preview Content */ = {
			isa = PBXGroup;
			children = (
				B46F86242C7A5ACF004F66D8 /* Preview Assets.xcassets */,
			);
			path = "Preview Content";
			sourceTree = "<group>";
		};
		B46F862D2C7A5ACF004F66D8 /* EduManagerTests */ = {
			isa = PBXGroup;
			children = (
				B46F862E2C7A5ACF004F66D8 /* EduManagerTests.swift */,
			);
			path = EduManagerTests;
			sourceTree = "<group>";
		};
		B46F86372C7A5ACF004F66D8 /* EduManagerUITests */ = {
			isa = PBXGroup;
			children = (
				B46F86382C7A5ACF004F66D8 /* EduManagerUITests.swift */,
				B46F863A2C7A5AD0004F66D8 /* EduManagerUITestsLaunchTests.swift */,
			);
			path = EduManagerUITests;
			sourceTree = "<group>";
		};
		B4EC01962C9B46850098DCF1 /* Study */ = {
			isa = PBXGroup;
			children = (
				B4EC01982C9B472D0098DCF1 /* StudyViewModel.swift */,
				B4EC019A2C9B473A0098DCF1 /* StudyView.swift */,
			);
			path = Study;
			sourceTree = "<group>";
		};
		B4EC01972C9B47190098DCF1 /* Teaching */ = {
			isa = PBXGroup;
			children = (
			);
			path = Teaching;
			sourceTree = "<group>";
		};
		B4EC019E2C9DDE1E0098DCF1 /* TabBar */ = {
			isa = PBXGroup;
			children = (
				B4EC01972C9B47190098DCF1 /* Teaching */,
				B4EC01962C9B46850098DCF1 /* Study */,
				B464F6382C870E6E008909CC /* Leaderboard */,
				B464F5F12C822D9E008909CC /* DashboardView */,
				B464F5D92C822C80008909CC /* ClassView */,
				B4483B632C7F721300C56F43 /* MoreView */,
				B4483B612C7F720300C56F43 /* CalendarView */,
			);
			path = TabBar;
			sourceTree = "<group>";
		};
/* End PBXGroup section */

/* Begin PBXNativeTarget section */
		B46F86192C7A5ACD004F66D8 /* EduManager */ = {
			isa = PBXNativeTarget;
			buildConfigurationList = B46F863E2C7A5AD0004F66D8 /* Build configuration list for PBXNativeTarget "EduManager" */;
			buildPhases = (
				B46F86162C7A5ACD004F66D8 /* Sources */,
				B46F86172C7A5ACD004F66D8 /* Frameworks */,
				B46F86182C7A5ACD004F66D8 /* Resources */,
			);
			buildRules = (
			);
			dependencies = (
			);
			name = EduManager;
			packageProductDependencies = (
				B4483BD52C80D5F200C56F43 /* RealmSwift */,
			);
			productName = EduManager;
			productReference = B46F861A2C7A5ACD004F66D8 /* EduManager.app */;
			productType = "com.apple.product-type.application";
		};
		B46F86292C7A5ACF004F66D8 /* EduManagerTests */ = {
			isa = PBXNativeTarget;
			buildConfigurationList = B46F86412C7A5AD0004F66D8 /* Build configuration list for PBXNativeTarget "EduManagerTests" */;
			buildPhases = (
				B46F86262C7A5ACF004F66D8 /* Sources */,
				B46F86272C7A5ACF004F66D8 /* Frameworks */,
				B46F86282C7A5ACF004F66D8 /* Resources */,
			);
			buildRules = (
			);
			dependencies = (
				B46F862C2C7A5ACF004F66D8 /* PBXTargetDependency */,
			);
			name = EduManagerTests;
			productName = EduManagerTests;
			productReference = B46F862A2C7A5ACF004F66D8 /* EduManagerTests.xctest */;
			productType = "com.apple.product-type.bundle.unit-test";
		};
		B46F86332C7A5ACF004F66D8 /* EduManagerUITests */ = {
			isa = PBXNativeTarget;
			buildConfigurationList = B46F86442C7A5AD0004F66D8 /* Build configuration list for PBXNativeTarget "EduManagerUITests" */;
			buildPhases = (
				B46F86302C7A5ACF004F66D8 /* Sources */,
				B46F86312C7A5ACF004F66D8 /* Frameworks */,
				B46F86322C7A5ACF004F66D8 /* Resources */,
			);
			buildRules = (
			);
			dependencies = (
				B46F86362C7A5ACF004F66D8 /* PBXTargetDependency */,
			);
			name = EduManagerUITests;
			productName = EduManagerUITests;
			productReference = B46F86342C7A5ACF004F66D8 /* EduManagerUITests.xctest */;
			productType = "com.apple.product-type.bundle.ui-testing";
		};
/* End PBXNativeTarget section */

/* Begin PBXProject section */
		B46F86122C7A5ACD004F66D8 /* Project object */ = {
			isa = PBXProject;
			attributes = {
				BuildIndependentTargetsInParallel = 1;
				LastSwiftUpdateCheck = 1540;
				LastUpgradeCheck = 1540;
				TargetAttributes = {
					B46F86192C7A5ACD004F66D8 = {
						CreatedOnToolsVersion = 15.4;
					};
					B46F86292C7A5ACF004F66D8 = {
						CreatedOnToolsVersion = 15.4;
						TestTargetID = B46F86192C7A5ACD004F66D8;
					};
					B46F86332C7A5ACF004F66D8 = {
						CreatedOnToolsVersion = 15.4;
						TestTargetID = B46F86192C7A5ACD004F66D8;
					};
				};
			};
			buildConfigurationList = B46F86152C7A5ACD004F66D8 /* Build configuration list for PBXProject "EduManager" */;
			compatibilityVersion = "Xcode 14.0";
			developmentRegion = en;
			hasScannedForEncodings = 0;
			knownRegions = (
				en,
				Base,
			);
			mainGroup = B46F86112C7A5ACD004F66D8;
			packageReferences = (
				B4483BD42C80D5F200C56F43 /* XCRemoteSwiftPackageReference "realm-swift" */,
			);
			productRefGroup = B46F861B2C7A5ACD004F66D8 /* Products */;
			projectDirPath = "";
			projectRoot = "";
			targets = (
				B46F86192C7A5ACD004F66D8 /* EduManager */,
				B46F86292C7A5ACF004F66D8 /* EduManagerTests */,
				B46F86332C7A5ACF004F66D8 /* EduManagerUITests */,
			);
		};
/* End PBXProject section */

/* Begin PBXResourcesBuildPhase section */
		B46F86182C7A5ACD004F66D8 /* Resources */ = {
			isa = PBXResourcesBuildPhase;
			buildActionMask = 2147483647;
			files = (
				B46F86252C7A5ACF004F66D8 /* Preview Assets.xcassets in Resources */,
				B46F86222C7A5ACF004F66D8 /* Assets.xcassets in Resources */,
			);
			runOnlyForDeploymentPostprocessing = 0;
		};
		B46F86282C7A5ACF004F66D8 /* Resources */ = {
			isa = PBXResourcesBuildPhase;
			buildActionMask = 2147483647;
			files = (
			);
			runOnlyForDeploymentPostprocessing = 0;
		};
		B46F86322C7A5ACF004F66D8 /* Resources */ = {
			isa = PBXResourcesBuildPhase;
			buildActionMask = 2147483647;
			files = (
			);
			runOnlyForDeploymentPostprocessing = 0;
		};
/* End PBXResourcesBuildPhase section */

/* Begin PBXSourcesBuildPhase section */
		B46F86162C7A5ACD004F66D8 /* Sources */ = {
			isa = PBXSourcesBuildPhase;
			buildActionMask = 2147483647;
			files = (
				B4483B482C7A6F3400C56F43 /* Course.swift in Sources */,
				B4483BB22C80860900C56F43 /* GetScheduleUseCase.swift in Sources */,
				B464F6252C858BEC008909CC /* PagingSectionViewModel.swift in Sources */,
				B4483B5F2C7F6EB400C56F43 /* MainView.swift in Sources */,
				B4483B852C7F8D1D00C56F43 /* GetNotificationUseCaseImpl.swift in Sources */,
				B4483BB42C80890F00C56F43 /* ScheduleEvent.swift in Sources */,
				B464F6132C84CCC3008909CC /* BaseViewModel.swift in Sources */,
				B464F5F52C822DBE008909CC /* DashboardView.swift in Sources */,
				B464F5DC2C822CA0008909CC /* CoursesView.swift in Sources */,
				B4483B5B2C7A72A700C56F43 /* GradeCalculator.swift in Sources */,
				B464F5E72C822D1E008909CC /* NotificationView.swift in Sources */,
				B464F60A2C84C292008909CC /* Date+Extension.swift in Sources */,
				B4483B7D2C7F8BCC00C56F43 /* GetNotificationUseCase.swift in Sources */,
				B4483BBC2C80BDC600C56F43 /* CourseSchedule.swift in Sources */,
				B4483B4A2C7A6F3900C56F43 /* Teacher.swift in Sources */,
				B4EC019D2C9B47750098DCF1 /* Scoresheet.swift in Sources */,
				B4483B4C2C7A6F4000C56F43 /* TeacherAssistance.swift in Sources */,
				B4483B9A2C8057C600C56F43 /* LogOutUseCase.swift in Sources */,
				B464F5F32C822DB6008909CC /* DashboardViewModel.swift in Sources */,
				B4EC01A02C9DDE910098DCF1 /* DashboardViewType.swift in Sources */,
				B4483B552C7A714400C56F43 /* Grade.swift in Sources */,
				B4483B532C7A70A300C56F43 /* Gradeable.swift in Sources */,
				B4483BBA2C80B22100C56F43 /* Class.swift in Sources */,
				B4483B672C7F741900C56F43 /* MoreView.swift in Sources */,
				B464F60F2C84C2DD008909CC /* DateFormatStrategy.swift in Sources */,
				B464F6422C8749FF008909CC /* LeaderboardDependencyFactoryImpl.swift in Sources */,
				B464F5EC2C822D3E008909CC /* NotificationDependencyFactoryImpl.swift in Sources */,
				B4483BAF2C80848B00C56F43 /* CalendarDependencyFactory.swift in Sources */,
				B464F63B2C870E89008909CC /* LeaderboardView.swift in Sources */,
				B464F6172C84D0B6008909CC /* TaskIdentifier.swift in Sources */,
				B4483B7F2C7F8BDA00C56F43 /* UseCase.swift in Sources */,
				B4483BD82C80D88800C56F43 /* NotificationModel.swift in Sources */,
				B464F60D2C84C2AC008909CC /* DateFormatterManager.swift in Sources */,
				B4483BAC2C8083CB00C56F43 /* CalendarView.swift in Sources */,
				B4483B902C80534800C56F43 /* MoreDependencyFactory.swift in Sources */,
				B4483B502C7A6F5100C56F43 /* AccountType.swift in Sources */,
				B464F6402C8749F3008909CC /* LeaderboardDependencyFactory.swift in Sources */,
				B4EC01A62C9E878A0098DCF1 /* ScheduleWeekView.swift in Sources */,
				B464F62B2C860BED008909CC /* ScheduleEventDetailView.swift in Sources */,
				B4483B962C80548C00C56F43 /* FetchUserUseCasePreview.swift in Sources */,
				B464F62F2C86CDC8008909CC /* NotificationDetailView.swift in Sources */,
				B4EC01952C9B3D8B0098DCF1 /* LeaderboardItemModel.swift in Sources */,
				B464F5E12C822CF5008909CC /* CoursesDependencyFactory.swift in Sources */,
				B4483B922C80540F00C56F43 /* MoreDependencyFactoryImpl.swift in Sources */,
				B464F6112C84CA59008909CC /* ViewModelState.swift in Sources */,
				B4EC01932C9B3C980098DCF1 /* LeaderboardItem.swift in Sources */,
				B4483BDA2C80D93200C56F43 /* ScheduleEventModel.swift in Sources */,
				B4483B712C7F79C900C56F43 /* MoreViewContent.swift in Sources */,
				B4483B652C7F721F00C56F43 /* User.swift in Sources */,
				B4483B9C2C8057D200C56F43 /* LogOutUseCaseImpl.swift in Sources */,
				B464F5EA2C822D33008909CC /* NotificationDependencyFactory.swift in Sources */,
				B464F6202C84F039008909CC /* SectionableListItem.swift in Sources */,
				B4483BC42C80D1CD00C56F43 /* CalendarDependencyFactoryImpl.swift in Sources */,
				B4483B8B2C7FB45D00C56F43 /* DependencyContainer.swift in Sources */,
				B4483B452C7A6EC400C56F43 /* Subject.swift in Sources */,
				B464F61A2C84EBEF008909CC /* ListItemView.swift in Sources */,
				B464F6272C8594A3008909CC /* DashboardContent.swift in Sources */,
				B464F63D2C870F4E008909CC /* LeaderboardViewModel.swift in Sources */,
				B464F62D2C8628F3008909CC /* CourseDetailView.swift in Sources */,
				B464F5FB2C822E8F008909CC /* DashboardDependencyFactory.swift in Sources */,
				B464F6352C86DEFD008909CC /* GetListTeachersUseCase.swift in Sources */,
				B464F6152C84CF1F008909CC /* PagingViewModel.swift in Sources */,
				B464F61E2C84EE9C008909CC /* CourseViewItem.swift in Sources */,
				B4483BDE2C80E2F300C56F43 /* ScheduleItemView.swift in Sources */,
				B4483BD02C80D42600C56F43 /* TeacherModel.swift in Sources */,
				B4483B5D2C7A730E00C56F43 /* Int+Extension.swift in Sources */,
				B4483B732C7F820E00C56F43 /* UserMenu.swift in Sources */,
				B4483B812C7F8CD300C56F43 /* Notification.swift in Sources */,
				B464F5FD2C822E9A008909CC /* DashboardDependencyFactoryImpl.swift in Sources */,
				B4EC019B2C9B473A0098DCF1 /* StudyView.swift in Sources */,
				B4483BA02C80595B00C56F43 /* MainDependencyFactory.swift in Sources */,
				B4483B592C7A725800C56F43 /* Session.swift in Sources */,
				B4483B8D2C8050AD00C56F43 /* DIFactory.swift in Sources */,
				B4483B6C2C7F752400C56F43 /* FetchUserUseCase.swift in Sources */,
				B46F86202C7A5ACD004F66D8 /* ContentView.swift in Sources */,
				B4483B792C7F8B9500C56F43 /* NotificationViewModel.swift in Sources */,
				B4483BCE2C80D33800C56F43 /* CourseModel.swift in Sources */,
				B4EC01992C9B472D0098DCF1 /* StudyViewModel.swift in Sources */,
				B4483BC22C80C7F100C56F43 /* GetDashboardContentUseCase.swift in Sources */,
				B4483BC02C80C1EF00C56F43 /* GetCourseUseCaseImpl.swift in Sources */,
				B4483BBE2C80C1E400C56F43 /* GetCourseUseCase.swift in Sources */,
				B4483B9E2C8057DD00C56F43 /* LogOutUseCasePreview.swift in Sources */,
				B464F6222C84F050008909CC /* Sectionable.swift in Sources */,
				B4483BD22C80D42C00C56F43 /* StudentModel.swift in Sources */,
				B4483B4E2C7A6F4800C56F43 /* Student.swift in Sources */,
				B464F5E32C822D01008909CC /* CoursesDependencyFactoryImpl.swift in Sources */,
				B4EC01A82C9E95520098DCF1 /* CalendarWeeklyDayItem.swift in Sources */,
				B4483BB82C808C2000C56F43 /* GetScheduleUseCasePreview.swift in Sources */,
				B464F6082C84C122008909CC /* NotificationItemView.swift in Sources */,
				B46F861E2C7A5ACD004F66D8 /* EduManagerApp.swift in Sources */,
				B4EC01A42C9DE4EA0098DCF1 /* MainTabBarViewFactory.swift in Sources */,
				B4483B7B2C7F8B9F00C56F43 /* CalendarViewModel.swift in Sources */,
				B4483BB62C808B4800C56F43 /* GetScheduleUseCaseImpl.swift in Sources */,
				B464F5DE2C822CA8008909CC /* CoursesViewModel.swift in Sources */,
				B464F6292C859618008909CC /* GetDashboardContentUseCaseImpl.swift in Sources */,
				B4483B882C7FB38900C56F43 /* FetchUserUseCaseImpl.swift in Sources */,
				B4483B692C7F742500C56F43 /* MoreViewModel.swift in Sources */,
			);
			runOnlyForDeploymentPostprocessing = 0;
		};
		B46F86262C7A5ACF004F66D8 /* Sources */ = {
			isa = PBXSourcesBuildPhase;
			buildActionMask = 2147483647;
			files = (
				B46F862F2C7A5ACF004F66D8 /* EduManagerTests.swift in Sources */,
			);
			runOnlyForDeploymentPostprocessing = 0;
		};
		B46F86302C7A5ACF004F66D8 /* Sources */ = {
			isa = PBXSourcesBuildPhase;
			buildActionMask = 2147483647;
			files = (
				B46F86392C7A5ACF004F66D8 /* EduManagerUITests.swift in Sources */,
				B46F863B2C7A5AD0004F66D8 /* EduManagerUITestsLaunchTests.swift in Sources */,
			);
			runOnlyForDeploymentPostprocessing = 0;
		};
/* End PBXSourcesBuildPhase section */

/* Begin PBXTargetDependency section */
		B46F862C2C7A5ACF004F66D8 /* PBXTargetDependency */ = {
			isa = PBXTargetDependency;
			target = B46F86192C7A5ACD004F66D8 /* EduManager */;
			targetProxy = B46F862B2C7A5ACF004F66D8 /* PBXContainerItemProxy */;
		};
		B46F86362C7A5ACF004F66D8 /* PBXTargetDependency */ = {
			isa = PBXTargetDependency;
			target = B46F86192C7A5ACD004F66D8 /* EduManager */;
			targetProxy = B46F86352C7A5ACF004F66D8 /* PBXContainerItemProxy */;
		};
/* End PBXTargetDependency section */

/* Begin XCBuildConfiguration section */
		B46F863C2C7A5AD0004F66D8 /* Debug */ = {
			isa = XCBuildConfiguration;
			buildSettings = {
				ALWAYS_SEARCH_USER_PATHS = NO;
				ASSETCATALOG_COMPILER_GENERATE_SWIFT_ASSET_SYMBOL_EXTENSIONS = YES;
				CLANG_ANALYZER_NONNULL = YES;
				CLANG_ANALYZER_NUMBER_OBJECT_CONVERSION = YES_AGGRESSIVE;
				CLANG_CXX_LANGUAGE_STANDARD = "gnu++20";
				CLANG_ENABLE_MODULES = YES;
				CLANG_ENABLE_OBJC_ARC = YES;
				CLANG_ENABLE_OBJC_WEAK = YES;
				CLANG_WARN_BLOCK_CAPTURE_AUTORELEASING = YES;
				CLANG_WARN_BOOL_CONVERSION = YES;
				CLANG_WARN_COMMA = YES;
				CLANG_WARN_CONSTANT_CONVERSION = YES;
				CLANG_WARN_DEPRECATED_OBJC_IMPLEMENTATIONS = YES;
				CLANG_WARN_DIRECT_OBJC_ISA_USAGE = YES_ERROR;
				CLANG_WARN_DOCUMENTATION_COMMENTS = YES;
				CLANG_WARN_EMPTY_BODY = YES;
				CLANG_WARN_ENUM_CONVERSION = YES;
				CLANG_WARN_INFINITE_RECURSION = YES;
				CLANG_WARN_INT_CONVERSION = YES;
				CLANG_WARN_NON_LITERAL_NULL_CONVERSION = YES;
				CLANG_WARN_OBJC_IMPLICIT_RETAIN_SELF = YES;
				CLANG_WARN_OBJC_LITERAL_CONVERSION = YES;
				CLANG_WARN_OBJC_ROOT_CLASS = YES_ERROR;
				CLANG_WARN_QUOTED_INCLUDE_IN_FRAMEWORK_HEADER = YES;
				CLANG_WARN_RANGE_LOOP_ANALYSIS = YES;
				CLANG_WARN_STRICT_PROTOTYPES = YES;
				CLANG_WARN_SUSPICIOUS_MOVE = YES;
				CLANG_WARN_UNGUARDED_AVAILABILITY = YES_AGGRESSIVE;
				CLANG_WARN_UNREACHABLE_CODE = YES;
				CLANG_WARN__DUPLICATE_METHOD_MATCH = YES;
				COPY_PHASE_STRIP = NO;
				DEBUG_INFORMATION_FORMAT = dwarf;
				ENABLE_STRICT_OBJC_MSGSEND = YES;
				ENABLE_TESTABILITY = YES;
				ENABLE_USER_SCRIPT_SANDBOXING = YES;
				GCC_C_LANGUAGE_STANDARD = gnu17;
				GCC_DYNAMIC_NO_PIC = NO;
				GCC_NO_COMMON_BLOCKS = YES;
				GCC_OPTIMIZATION_LEVEL = 0;
				GCC_PREPROCESSOR_DEFINITIONS = (
					"DEBUG=1",
					"$(inherited)",
				);
				GCC_WARN_64_TO_32_BIT_CONVERSION = YES;
				GCC_WARN_ABOUT_RETURN_TYPE = YES_ERROR;
				GCC_WARN_UNDECLARED_SELECTOR = YES;
				GCC_WARN_UNINITIALIZED_AUTOS = YES_AGGRESSIVE;
				GCC_WARN_UNUSED_FUNCTION = YES;
				GCC_WARN_UNUSED_VARIABLE = YES;
				IPHONEOS_DEPLOYMENT_TARGET = 17.5;
				LOCALIZATION_PREFERS_STRING_CATALOGS = YES;
				MTL_ENABLE_DEBUG_INFO = INCLUDE_SOURCE;
				MTL_FAST_MATH = YES;
				ONLY_ACTIVE_ARCH = YES;
				SDKROOT = iphoneos;
				SWIFT_ACTIVE_COMPILATION_CONDITIONS = "DEBUG $(inherited)";
				SWIFT_OPTIMIZATION_LEVEL = "-Onone";
			};
			name = Debug;
		};
		B46F863D2C7A5AD0004F66D8 /* Release */ = {
			isa = XCBuildConfiguration;
			buildSettings = {
				ALWAYS_SEARCH_USER_PATHS = NO;
				ASSETCATALOG_COMPILER_GENERATE_SWIFT_ASSET_SYMBOL_EXTENSIONS = YES;
				CLANG_ANALYZER_NONNULL = YES;
				CLANG_ANALYZER_NUMBER_OBJECT_CONVERSION = YES_AGGRESSIVE;
				CLANG_CXX_LANGUAGE_STANDARD = "gnu++20";
				CLANG_ENABLE_MODULES = YES;
				CLANG_ENABLE_OBJC_ARC = YES;
				CLANG_ENABLE_OBJC_WEAK = YES;
				CLANG_WARN_BLOCK_CAPTURE_AUTORELEASING = YES;
				CLANG_WARN_BOOL_CONVERSION = YES;
				CLANG_WARN_COMMA = YES;
				CLANG_WARN_CONSTANT_CONVERSION = YES;
				CLANG_WARN_DEPRECATED_OBJC_IMPLEMENTATIONS = YES;
				CLANG_WARN_DIRECT_OBJC_ISA_USAGE = YES_ERROR;
				CLANG_WARN_DOCUMENTATION_COMMENTS = YES;
				CLANG_WARN_EMPTY_BODY = YES;
				CLANG_WARN_ENUM_CONVERSION = YES;
				CLANG_WARN_INFINITE_RECURSION = YES;
				CLANG_WARN_INT_CONVERSION = YES;
				CLANG_WARN_NON_LITERAL_NULL_CONVERSION = YES;
				CLANG_WARN_OBJC_IMPLICIT_RETAIN_SELF = YES;
				CLANG_WARN_OBJC_LITERAL_CONVERSION = YES;
				CLANG_WARN_OBJC_ROOT_CLASS = YES_ERROR;
				CLANG_WARN_QUOTED_INCLUDE_IN_FRAMEWORK_HEADER = YES;
				CLANG_WARN_RANGE_LOOP_ANALYSIS = YES;
				CLANG_WARN_STRICT_PROTOTYPES = YES;
				CLANG_WARN_SUSPICIOUS_MOVE = YES;
				CLANG_WARN_UNGUARDED_AVAILABILITY = YES_AGGRESSIVE;
				CLANG_WARN_UNREACHABLE_CODE = YES;
				CLANG_WARN__DUPLICATE_METHOD_MATCH = YES;
				COPY_PHASE_STRIP = NO;
				DEBUG_INFORMATION_FORMAT = "dwarf-with-dsym";
				ENABLE_NS_ASSERTIONS = NO;
				ENABLE_STRICT_OBJC_MSGSEND = YES;
				ENABLE_USER_SCRIPT_SANDBOXING = YES;
				GCC_C_LANGUAGE_STANDARD = gnu17;
				GCC_NO_COMMON_BLOCKS = YES;
				GCC_WARN_64_TO_32_BIT_CONVERSION = YES;
				GCC_WARN_ABOUT_RETURN_TYPE = YES_ERROR;
				GCC_WARN_UNDECLARED_SELECTOR = YES;
				GCC_WARN_UNINITIALIZED_AUTOS = YES_AGGRESSIVE;
				GCC_WARN_UNUSED_FUNCTION = YES;
				GCC_WARN_UNUSED_VARIABLE = YES;
				IPHONEOS_DEPLOYMENT_TARGET = 17.5;
				LOCALIZATION_PREFERS_STRING_CATALOGS = YES;
				MTL_ENABLE_DEBUG_INFO = NO;
				MTL_FAST_MATH = YES;
				SDKROOT = iphoneos;
				SWIFT_COMPILATION_MODE = wholemodule;
				VALIDATE_PRODUCT = YES;
			};
			name = Release;
		};
		B46F863F2C7A5AD0004F66D8 /* Debug */ = {
			isa = XCBuildConfiguration;
			buildSettings = {
				ASSETCATALOG_COMPILER_APPICON_NAME = AppIcon;
				ASSETCATALOG_COMPILER_GLOBAL_ACCENT_COLOR_NAME = AccentColor;
				CODE_SIGN_STYLE = Automatic;
				CURRENT_PROJECT_VERSION = 1;
				DEVELOPMENT_ASSET_PATHS = "\"EduManager/Preview Content\"";
				DEVELOPMENT_TEAM = S4YN8F9MU6;
				ENABLE_PREVIEWS = YES;
				GENERATE_INFOPLIST_FILE = YES;
				INFOPLIST_KEY_UIApplicationSceneManifest_Generation = YES;
				INFOPLIST_KEY_UIApplicationSupportsIndirectInputEvents = YES;
				INFOPLIST_KEY_UILaunchScreen_Generation = YES;
				INFOPLIST_KEY_UISupportedInterfaceOrientations_iPad = "UIInterfaceOrientationPortrait UIInterfaceOrientationPortraitUpsideDown UIInterfaceOrientationLandscapeLeft UIInterfaceOrientationLandscapeRight";
				INFOPLIST_KEY_UISupportedInterfaceOrientations_iPhone = "UIInterfaceOrientationPortrait UIInterfaceOrientationLandscapeLeft UIInterfaceOrientationLandscapeRight";
				LD_RUNPATH_SEARCH_PATHS = (
					"$(inherited)",
					"@executable_path/Frameworks",
				);
				MARKETING_VERSION = 1.0;
				PRODUCT_BUNDLE_IDENTIFIER = co.tungdvs.EduManager;
				PRODUCT_NAME = "$(TARGET_NAME)";
				SWIFT_EMIT_LOC_STRINGS = YES;
				SWIFT_VERSION = 5.0;
				TARGETED_DEVICE_FAMILY = "1,2";
			};
			name = Debug;
		};
		B46F86402C7A5AD0004F66D8 /* Release */ = {
			isa = XCBuildConfiguration;
			buildSettings = {
				ASSETCATALOG_COMPILER_APPICON_NAME = AppIcon;
				ASSETCATALOG_COMPILER_GLOBAL_ACCENT_COLOR_NAME = AccentColor;
				CODE_SIGN_STYLE = Automatic;
				CURRENT_PROJECT_VERSION = 1;
				DEVELOPMENT_ASSET_PATHS = "\"EduManager/Preview Content\"";
				DEVELOPMENT_TEAM = S4YN8F9MU6;
				ENABLE_PREVIEWS = YES;
				GENERATE_INFOPLIST_FILE = YES;
				INFOPLIST_KEY_UIApplicationSceneManifest_Generation = YES;
				INFOPLIST_KEY_UIApplicationSupportsIndirectInputEvents = YES;
				INFOPLIST_KEY_UILaunchScreen_Generation = YES;
				INFOPLIST_KEY_UISupportedInterfaceOrientations_iPad = "UIInterfaceOrientationPortrait UIInterfaceOrientationPortraitUpsideDown UIInterfaceOrientationLandscapeLeft UIInterfaceOrientationLandscapeRight";
				INFOPLIST_KEY_UISupportedInterfaceOrientations_iPhone = "UIInterfaceOrientationPortrait UIInterfaceOrientationLandscapeLeft UIInterfaceOrientationLandscapeRight";
				LD_RUNPATH_SEARCH_PATHS = (
					"$(inherited)",
					"@executable_path/Frameworks",
				);
				MARKETING_VERSION = 1.0;
				PRODUCT_BUNDLE_IDENTIFIER = co.tungdvs.EduManager;
				PRODUCT_NAME = "$(TARGET_NAME)";
				SWIFT_EMIT_LOC_STRINGS = YES;
				SWIFT_VERSION = 5.0;
				TARGETED_DEVICE_FAMILY = "1,2";
			};
			name = Release;
		};
		B46F86422C7A5AD0004F66D8 /* Debug */ = {
			isa = XCBuildConfiguration;
			buildSettings = {
				ALWAYS_EMBED_SWIFT_STANDARD_LIBRARIES = YES;
				BUNDLE_LOADER = "$(TEST_HOST)";
				CODE_SIGN_STYLE = Automatic;
				CURRENT_PROJECT_VERSION = 1;
				DEVELOPMENT_TEAM = S4YN8F9MU6;
				GENERATE_INFOPLIST_FILE = YES;
				IPHONEOS_DEPLOYMENT_TARGET = 17.5;
				MARKETING_VERSION = 1.0;
				PRODUCT_BUNDLE_IDENTIFIER = co.tungdvs.EduManagerTests;
				PRODUCT_NAME = "$(TARGET_NAME)";
				SWIFT_EMIT_LOC_STRINGS = NO;
				SWIFT_VERSION = 5.0;
				TARGETED_DEVICE_FAMILY = "1,2";
				TEST_HOST = "$(BUILT_PRODUCTS_DIR)/EduManager.app/$(BUNDLE_EXECUTABLE_FOLDER_PATH)/EduManager";
			};
			name = Debug;
		};
		B46F86432C7A5AD0004F66D8 /* Release */ = {
			isa = XCBuildConfiguration;
			buildSettings = {
				ALWAYS_EMBED_SWIFT_STANDARD_LIBRARIES = YES;
				BUNDLE_LOADER = "$(TEST_HOST)";
				CODE_SIGN_STYLE = Automatic;
				CURRENT_PROJECT_VERSION = 1;
				DEVELOPMENT_TEAM = S4YN8F9MU6;
				GENERATE_INFOPLIST_FILE = YES;
				IPHONEOS_DEPLOYMENT_TARGET = 17.5;
				MARKETING_VERSION = 1.0;
				PRODUCT_BUNDLE_IDENTIFIER = co.tungdvs.EduManagerTests;
				PRODUCT_NAME = "$(TARGET_NAME)";
				SWIFT_EMIT_LOC_STRINGS = NO;
				SWIFT_VERSION = 5.0;
				TARGETED_DEVICE_FAMILY = "1,2";
				TEST_HOST = "$(BUILT_PRODUCTS_DIR)/EduManager.app/$(BUNDLE_EXECUTABLE_FOLDER_PATH)/EduManager";
			};
			name = Release;
		};
		B46F86452C7A5AD0004F66D8 /* Debug */ = {
			isa = XCBuildConfiguration;
			buildSettings = {
				ALWAYS_EMBED_SWIFT_STANDARD_LIBRARIES = YES;
				CODE_SIGN_STYLE = Automatic;
				CURRENT_PROJECT_VERSION = 1;
				DEVELOPMENT_TEAM = S4YN8F9MU6;
				GENERATE_INFOPLIST_FILE = YES;
				MARKETING_VERSION = 1.0;
				PRODUCT_BUNDLE_IDENTIFIER = co.tungdvs.EduManagerUITests;
				PRODUCT_NAME = "$(TARGET_NAME)";
				SWIFT_EMIT_LOC_STRINGS = NO;
				SWIFT_VERSION = 5.0;
				TARGETED_DEVICE_FAMILY = "1,2";
				TEST_TARGET_NAME = EduManager;
			};
			name = Debug;
		};
		B46F86462C7A5AD0004F66D8 /* Release */ = {
			isa = XCBuildConfiguration;
			buildSettings = {
				ALWAYS_EMBED_SWIFT_STANDARD_LIBRARIES = YES;
				CODE_SIGN_STYLE = Automatic;
				CURRENT_PROJECT_VERSION = 1;
				DEVELOPMENT_TEAM = S4YN8F9MU6;
				GENERATE_INFOPLIST_FILE = YES;
				MARKETING_VERSION = 1.0;
				PRODUCT_BUNDLE_IDENTIFIER = co.tungdvs.EduManagerUITests;
				PRODUCT_NAME = "$(TARGET_NAME)";
				SWIFT_EMIT_LOC_STRINGS = NO;
				SWIFT_VERSION = 5.0;
				TARGETED_DEVICE_FAMILY = "1,2";
				TEST_TARGET_NAME = EduManager;
			};
			name = Release;
		};
/* End XCBuildConfiguration section */

/* Begin XCConfigurationList section */
		B46F86152C7A5ACD004F66D8 /* Build configuration list for PBXProject "EduManager" */ = {
			isa = XCConfigurationList;
			buildConfigurations = (
				B46F863C2C7A5AD0004F66D8 /* Debug */,
				B46F863D2C7A5AD0004F66D8 /* Release */,
			);
			defaultConfigurationIsVisible = 0;
			defaultConfigurationName = Release;
		};
		B46F863E2C7A5AD0004F66D8 /* Build configuration list for PBXNativeTarget "EduManager" */ = {
			isa = XCConfigurationList;
			buildConfigurations = (
				B46F863F2C7A5AD0004F66D8 /* Debug */,
				B46F86402C7A5AD0004F66D8 /* Release */,
			);
			defaultConfigurationIsVisible = 0;
			defaultConfigurationName = Release;
		};
		B46F86412C7A5AD0004F66D8 /* Build configuration list for PBXNativeTarget "EduManagerTests" */ = {
			isa = XCConfigurationList;
			buildConfigurations = (
				B46F86422C7A5AD0004F66D8 /* Debug */,
				B46F86432C7A5AD0004F66D8 /* Release */,
			);
			defaultConfigurationIsVisible = 0;
			defaultConfigurationName = Release;
		};
		B46F86442C7A5AD0004F66D8 /* Build configuration list for PBXNativeTarget "EduManagerUITests" */ = {
			isa = XCConfigurationList;
			buildConfigurations = (
				B46F86452C7A5AD0004F66D8 /* Debug */,
				B46F86462C7A5AD0004F66D8 /* Release */,
			);
			defaultConfigurationIsVisible = 0;
			defaultConfigurationName = Release;
		};
/* End XCConfigurationList section */

/* Begin XCRemoteSwiftPackageReference section */
		B4483BD42C80D5F200C56F43 /* XCRemoteSwiftPackageReference "realm-swift" */ = {
			isa = XCRemoteSwiftPackageReference;
			repositoryURL = "https://github.com/realm/realm-swift.git";
			requirement = {
				branch = master;
				kind = branch;
			};
		};
/* End XCRemoteSwiftPackageReference section */

/* Begin XCSwiftPackageProductDependency section */
		B4483BD52C80D5F200C56F43 /* RealmSwift */ = {
			isa = XCSwiftPackageProductDependency;
			package = B4483BD42C80D5F200C56F43 /* XCRemoteSwiftPackageReference "realm-swift" */;
			productName = RealmSwift;
		};
/* End XCSwiftPackageProductDependency section */
	};
	rootObject = B46F86122C7A5ACD004F66D8 /* Project object */;
}
